// !$*UTF8*$!
{
	archiveVersion = 1;
	classes = {
	};
	objectVersion = 55;
	objects = {

/* Begin PBXBuildFile section */
		09910C8354E46D1E4B218FF9 /* Pods_AI_MUNJANG_AI_MUNJANGUITests.framework in Frameworks */ = {isa = PBXBuildFile; fileRef = 82BE1E7BA397B2DBCA101A46 /* Pods_AI_MUNJANG_AI_MUNJANGUITests.framework */; };
		1C46D827B841232FF1AE4B3B /* Pods_AI_MUNJANGTests.framework in Frameworks */ = {isa = PBXBuildFile; fileRef = 1308B43F21E263CEDD177B58 /* Pods_AI_MUNJANGTests.framework */; };
		840071D3287BE30500B07551 /* RoundedView.swift in Sources */ = {isa = PBXBuildFile; fileRef = 840071D2287BE30500B07551 /* RoundedView.swift */; };
		840071D6287BE41300B07551 /* AdaptiveViewController.swift in Sources */ = {isa = PBXBuildFile; fileRef = 840071D5287BE41300B07551 /* AdaptiveViewController.swift */; };
		840071D7287BE67C00B07551 /* AdaptiveLayoutConstraint.swift in Sources */ = {isa = PBXBuildFile; fileRef = 840071D1287BE2EF00B07551 /* AdaptiveLayoutConstraint.swift */; };
		840071D8287BE67F00B07551 /* CGFloatExtension.swift in Sources */ = {isa = PBXBuildFile; fileRef = 840071D0287BE2EF00B07551 /* CGFloatExtension.swift */; };
		840071D9287BE68100B07551 /* TextFieldsFont.swift in Sources */ = {isa = PBXBuildFile; fileRef = 840071CF287BE2EF00B07551 /* TextFieldsFont.swift */; };
		840071DA287BE68300B07551 /* StackViewExtension.swift in Sources */ = {isa = PBXBuildFile; fileRef = 840071CE287BE2EF00B07551 /* StackViewExtension.swift */; };
		84010D3628D8169600493976 /* SenListViewController.swift in Sources */ = {isa = PBXBuildFile; fileRef = 84010D3528D8169600493976 /* SenListViewController.swift */; };
		8411A5B328C836EA0061A6F5 /* MunhaeVideoViewController.swift in Sources */ = {isa = PBXBuildFile; fileRef = 8411A5B228C836EA0061A6F5 /* MunhaeVideoViewController.swift */; };
		84261F3F28E68D8200E5E100 /* InferenceViewController.swift in Sources */ = {isa = PBXBuildFile; fileRef = 84261F3E28E68D8200E5E100 /* InferenceViewController.swift */; };
		84261F4128ED604000E5E100 /* CorrectionViewController.swift in Sources */ = {isa = PBXBuildFile; fileRef = 84261F4028ED603D00E5E100 /* CorrectionViewController.swift */; };
		84261F4328ED654900E5E100 /* CorrectionCollectionViewCell.swift in Sources */ = {isa = PBXBuildFile; fileRef = 84261F4228ED654900E5E100 /* CorrectionCollectionViewCell.swift */; };
		842B0361288502550000BEDA /* AlertService.swift in Sources */ = {isa = PBXBuildFile; fileRef = 842B0360288502540000BEDA /* AlertService.swift */; };
		842B03632885025D0000BEDA /* CustomAlertViewController.swift in Sources */ = {isa = PBXBuildFile; fileRef = 842B03622885025D0000BEDA /* CustomAlertViewController.swift */; };
		842B0365288504EB0000BEDA /* CustomCheckBoxLabel.swift in Sources */ = {isa = PBXBuildFile; fileRef = 842B0364288504EB0000BEDA /* CustomCheckBoxLabel.swift */; };
		842B0367288504FE0000BEDA /* CustomCheckBoxLabel.xib in Resources */ = {isa = PBXBuildFile; fileRef = 842B0366288504FE0000BEDA /* CustomCheckBoxLabel.xib */; };
		842B037E2885417A0000BEDA /* Constnats.swift in Sources */ = {isa = PBXBuildFile; fileRef = 842B037D2885417A0000BEDA /* Constnats.swift */; };
		842B0381288543FB0000BEDA /* TermsViewController.swift in Sources */ = {isa = PBXBuildFile; fileRef = 842B0380288543FB0000BEDA /* TermsViewController.swift */; };
		842B0383288556680000BEDA /* TermsDetailViewController.swift in Sources */ = {isa = PBXBuildFile; fileRef = 842B0382288556680000BEDA /* TermsDetailViewController.swift */; };
		842B038F288643080000BEDA /* NanumSquareEB.ttf in Resources */ = {isa = PBXBuildFile; fileRef = 842B0389288642300000BEDA /* NanumSquareEB.ttf */; };
		842B0390288643080000BEDA /* NanumSquareL.ttf in Resources */ = {isa = PBXBuildFile; fileRef = 842B03872886422F0000BEDA /* NanumSquareL.ttf */; };
		842B0391288643080000BEDA /* NanumSquareB.ttf in Resources */ = {isa = PBXBuildFile; fileRef = 842B038A288642300000BEDA /* NanumSquareB.ttf */; };
		842B0392288643080000BEDA /* NanumSquareR.ttf in Resources */ = {isa = PBXBuildFile; fileRef = 842B0388288642300000BEDA /* NanumSquareR.ttf */; };
		842B0394288645010000BEDA /* SignUpViewController.swift in Sources */ = {isa = PBXBuildFile; fileRef = 842B0393288645010000BEDA /* SignUpViewController.swift */; };
		842B0396288647760000BEDA /* CustomTextField.swift in Sources */ = {isa = PBXBuildFile; fileRef = 842B0395288647760000BEDA /* CustomTextField.swift */; };
		842B0398288647850000BEDA /* CustomTextField.xib in Resources */ = {isa = PBXBuildFile; fileRef = 842B0397288647850000BEDA /* CustomTextField.xib */; };
		842B039E288688D40000BEDA /* ResetPasswordViewController.swift in Sources */ = {isa = PBXBuildFile; fileRef = 842B039D288688D40000BEDA /* ResetPasswordViewController.swift */; };
		842B03A02886931E0000BEDA /* ResetPasswordDetailViewController.swift in Sources */ = {isa = PBXBuildFile; fileRef = 842B039F2886931E0000BEDA /* ResetPasswordDetailViewController.swift */; };
		842B03A328869ACF0000BEDA /* ResignViewController.swift in Sources */ = {isa = PBXBuildFile; fileRef = 842B03A228869ACF0000BEDA /* ResignViewController.swift */; };
		842B03A528869AFC0000BEDA /* ResignReasonViewController.swift in Sources */ = {isa = PBXBuildFile; fileRef = 842B03A428869AFC0000BEDA /* ResignReasonViewController.swift */; };
		842B03A72887E7480000BEDA /* ChangePasswordViewController.swift in Sources */ = {isa = PBXBuildFile; fileRef = 842B03A62887E7470000BEDA /* ChangePasswordViewController.swift */; };
		842B03AA2888E35F0000BEDA /* SubscriptionViewController.swift in Sources */ = {isa = PBXBuildFile; fileRef = 842B03A92888E35F0000BEDA /* SubscriptionViewController.swift */; };
		842B03AC2888E4AC0000BEDA /* CustomNaviBarView.swift in Sources */ = {isa = PBXBuildFile; fileRef = 842B03AB2888E4AC0000BEDA /* CustomNaviBarView.swift */; };
		842B03AE2888E4BF0000BEDA /* CustomNaviBarView.xib in Resources */ = {isa = PBXBuildFile; fileRef = 842B03AD2888E4BF0000BEDA /* CustomNaviBarView.xib */; };
		8432B3B728DD6B95005E6583 /* videoContents.json in Resources */ = {isa = PBXBuildFile; fileRef = 8432B3B628DD6B95005E6583 /* videoContents.json */; };
		8433AA6628F514B70044061A /* DummyMainViewController.swift in Sources */ = {isa = PBXBuildFile; fileRef = 8433AA6528F514B70044061A /* DummyMainViewController.swift */; };
		843F27BC28A4CA9900E36E33 /* BannerCell.swift in Sources */ = {isa = PBXBuildFile; fileRef = 843F27BB28A4CA9900E36E33 /* BannerCell.swift */; };
		843F27BF28A5E74200E36E33 /* success.mp3 in Resources */ = {isa = PBXBuildFile; fileRef = 843F27BE28A5E74200E36E33 /* success.mp3 */; };
		843F27C128A5E97300E36E33 /* failed.mp3 in Resources */ = {isa = PBXBuildFile; fileRef = 843F27C028A5E97300E36E33 /* failed.mp3 */; };
		843F27C328A5EA4F00E36E33 /* TTS.swift in Sources */ = {isa = PBXBuildFile; fileRef = 843F27C228A5EA4F00E36E33 /* TTS.swift */; };
		844226E02890F66700DCB93B /* GoogleService-Info.plist in Resources */ = {isa = PBXBuildFile; fileRef = 844226DF2890F66700DCB93B /* GoogleService-Info.plist */; };
		84458A7528BF47F500A70F20 /* MunJangEightDetailViewController.swift in Sources */ = {isa = PBXBuildFile; fileRef = 84458A7328BF47F500A70F20 /* MunJangEightDetailViewController.swift */; };
		84458A7628BF47F500A70F20 /* MunjangEightDetailCollectionViewCell.swift in Sources */ = {isa = PBXBuildFile; fileRef = 84458A7428BF47F500A70F20 /* MunjangEightDetailCollectionViewCell.swift */; };
		84488C79288F865B008400AC /* MyPageViewController.swift in Sources */ = {isa = PBXBuildFile; fileRef = 84488C78288F865B008400AC /* MyPageViewController.swift */; };
		844A4D5028B4AF73002C7F6B /* UserInfo.swift in Sources */ = {isa = PBXBuildFile; fileRef = 844A4D4F28B4AF73002C7F6B /* UserInfo.swift */; };
		8455F05C28B75F4700613946 /* AnalyzeViewController.swift in Sources */ = {isa = PBXBuildFile; fileRef = 8455F05B28B75F4700613946 /* AnalyzeViewController.swift */; };
		8455F05E28B8585A00613946 /* AnalyzeResultViewController.swift in Sources */ = {isa = PBXBuildFile; fileRef = 8455F05D28B8585A00613946 /* AnalyzeResultViewController.swift */; };
		8455F06C28B9FBF800613946 /* MunjangEightCollectionViewCell.xib in Resources */ = {isa = PBXBuildFile; fileRef = 8455F06B28B9FBF800613946 /* MunjangEightCollectionViewCell.xib */; };
		8455F0C528BCA40A00613946 /* AnalyzeCollectionViewCell.swift in Sources */ = {isa = PBXBuildFile; fileRef = 8455F0C428BCA40900613946 /* AnalyzeCollectionViewCell.swift */; };
		8455F0C728BCB10000613946 /* WordCollectionViewCell.swift in Sources */ = {isa = PBXBuildFile; fileRef = 8455F0C628BCB0FF00613946 /* WordCollectionViewCell.swift */; };
		845D5A3C28C1C86100CB67DE /* MunhaeTestViewController.swift in Sources */ = {isa = PBXBuildFile; fileRef = 845D5A3B28C1C86100CB67DE /* MunhaeTestViewController.swift */; };
		845D5A3F28C1E63900CB67DE /* MunhaeTestModel.swift in Sources */ = {isa = PBXBuildFile; fileRef = 845D5A3E28C1E63900CB67DE /* MunhaeTestModel.swift */; };
		845D5A4128C1E70600CB67DE /* MunhaeTestContentData.swift in Sources */ = {isa = PBXBuildFile; fileRef = 845D5A4028C1E70600CB67DE /* MunhaeTestContentData.swift */; };
		84648ECF28E43A380036DC89 /* Main_ipad.storyboard in Resources */ = {isa = PBXBuildFile; fileRef = 84648ECD28E43A380036DC89 /* Main_ipad.storyboard */; };
		846B08932893C7B300A6D4BD /* IAPHelpler.swift in Sources */ = {isa = PBXBuildFile; fileRef = 846B08922893C7B300A6D4BD /* IAPHelpler.swift */; };
		846B089528977C2E00A6D4BD /* HomePageViewController.swift in Sources */ = {isa = PBXBuildFile; fileRef = 846B089428977C2E00A6D4BD /* HomePageViewController.swift */; };
		846E2BE228A34FDD00C5292D /* QuizContentData.swift in Sources */ = {isa = PBXBuildFile; fileRef = 846E2BE128A34FDD00C5292D /* QuizContentData.swift */; };
		84739D8128C8614B0052B20C /* MunjangEightViewController.swift in Sources */ = {isa = PBXBuildFile; fileRef = 84739D8028C8614B0052B20C /* MunjangEightViewController.swift */; };
		84739D8328C871D80052B20C /* SampleCollectionViewCell.swift in Sources */ = {isa = PBXBuildFile; fileRef = 84739D8228C871D80052B20C /* SampleCollectionViewCell.swift */; };
		8474DCFB287BFE0F008275FC /* OnBoardingViewController.swift in Sources */ = {isa = PBXBuildFile; fileRef = 8474DCFA287BFE0F008275FC /* OnBoardingViewController.swift */; };
		8474DCFF287D02DC008275FC /* CustomButtonView.swift in Sources */ = {isa = PBXBuildFile; fileRef = 8474DCFD287D02DC008275FC /* CustomButtonView.swift */; };
		8474DD00287D02DC008275FC /* CustomButtonView.xib in Resources */ = {isa = PBXBuildFile; fileRef = 8474DCFE287D02DC008275FC /* CustomButtonView.xib */; };
		8474DD08287D0573008275FC /* CommonUIViewController.swift in Sources */ = {isa = PBXBuildFile; fileRef = 8474DD07287D0573008275FC /* CommonUIViewController.swift */; };
		8474DD0C287D16E4008275FC /* CustomEmailView.xib in Resources */ = {isa = PBXBuildFile; fileRef = 8474DD0B287D16E4008275FC /* CustomEmailView.xib */; };
		8474DD0E287D1A52008275FC /* CustomEmailView.swift in Sources */ = {isa = PBXBuildFile; fileRef = 8474DD0D287D1A52008275FC /* CustomEmailView.swift */; };
		8474DD10287D33B8008275FC /* CustomTextView.swift in Sources */ = {isa = PBXBuildFile; fileRef = 8474DD0F287D33B8008275FC /* CustomTextView.swift */; };
		8474DD12287D33C3008275FC /* CustomTextView.xib in Resources */ = {isa = PBXBuildFile; fileRef = 8474DD11287D33C3008275FC /* CustomTextView.xib */; };
		8474DD1C287E56D3008275FC /* CustomPasswordView.swift in Sources */ = {isa = PBXBuildFile; fileRef = 8474DD1B287E56D3008275FC /* CustomPasswordView.swift */; };
		8474DD1E287E573C008275FC /* CustomPasswordView.xib in Resources */ = {isa = PBXBuildFile; fileRef = 8474DD1D287E573C008275FC /* CustomPasswordView.xib */; };
		8474DD20287E5DA0008275FC /* TextFieldExtension.swift in Sources */ = {isa = PBXBuildFile; fileRef = 8474DD1F287E5DA0008275FC /* TextFieldExtension.swift */; };
		8474DD22287E6C78008275FC /* Utils.swift in Sources */ = {isa = PBXBuildFile; fileRef = 8474DD21287E6C78008275FC /* Utils.swift */; };
		8474DD27287EB63C008275FC /* LoginViewController.swift in Sources */ = {isa = PBXBuildFile; fileRef = 8474DD26287EB63C008275FC /* LoginViewController.swift */; };
		84B2FCBF28C597FF002B4365 /* MunhaeTestQuizViewController.swift in Sources */ = {isa = PBXBuildFile; fileRef = 84B2FCBE28C597FF002B4365 /* MunhaeTestQuizViewController.swift */; };
		84D8A67828F7E7FC00ACFA18 /* Charts in Frameworks */ = {isa = PBXBuildFile; productRef = 84D8A67728F7E7FC00ACFA18 /* Charts */; };
		84D8A67C28F7E8D100ACFA18 /* DropDown in Frameworks */ = {isa = PBXBuildFile; productRef = 84D8A67B28F7E8D100ACFA18 /* DropDown */; };
		84D8A67F28F7E8EE00ACFA18 /* Zip in Frameworks */ = {isa = PBXBuildFile; productRef = 84D8A67E28F7E8EE00ACFA18 /* Zip */; };
		84D8A68228F7ECDB00ACFA18 /* HomeViewController.swift in Sources */ = {isa = PBXBuildFile; fileRef = 84D8A68128F7ECDB00ACFA18 /* HomeViewController.swift */; };
		84E7B04A28AE23C60009E8E1 /* DownloadViewController.swift in Sources */ = {isa = PBXBuildFile; fileRef = 84E7B04928AE23C60009E8E1 /* DownloadViewController.swift */; };
		84E7B04C28AE2DF20009E8E1 /* Core.swift in Sources */ = {isa = PBXBuildFile; fileRef = 84E7B04B28AE2DF20009E8E1 /* Core.swift */; };
		84EAC50328DAEB0B00DC6FEA /* MainCollectionViewCell.swift in Sources */ = {isa = PBXBuildFile; fileRef = 84EAC50228DAEB0B00DC6FEA /* MainCollectionViewCell.swift */; };
		84EBC3C4289B886E0089F9AC /* MunjangEightCollectionViewCell.swift in Sources */ = {isa = PBXBuildFile; fileRef = 84EBC3C3289B886E0089F9AC /* MunjangEightCollectionViewCell.swift */; };
		84EBC3CA289CA6B00089F9AC /* MunjangQuizViewController.swift in Sources */ = {isa = PBXBuildFile; fileRef = 84EBC3C9289CA6B00089F9AC /* MunjangQuizViewController.swift */; };
		84EBC3CD28A0B6BB0089F9AC /* QuizModel.swift in Sources */ = {isa = PBXBuildFile; fileRef = 84EBC3CC28A0B6BA0089F9AC /* QuizModel.swift */; };
		B82F28AA489DEC3AB9CC4BE3 /* Pods_AI_MUNJANG.framework in Frameworks */ = {isa = PBXBuildFile; fileRef = 601EDDD26E6E88482D07D08A /* Pods_AI_MUNJANG.framework */; };
		C6ED507A287531AE00454F26 /* AppDelegate.swift in Sources */ = {isa = PBXBuildFile; fileRef = C6ED5079287531AE00454F26 /* AppDelegate.swift */; };
		C6ED507E287531AE00454F26 /* MainViewController.swift in Sources */ = {isa = PBXBuildFile; fileRef = C6ED507D287531AE00454F26 /* MainViewController.swift */; };
		C6ED5081287531AE00454F26 /* Main.storyboard in Resources */ = {isa = PBXBuildFile; fileRef = C6ED507F287531AE00454F26 /* Main.storyboard */; };
		C6ED5083287531AF00454F26 /* Assets.xcassets in Resources */ = {isa = PBXBuildFile; fileRef = C6ED5082287531AF00454F26 /* Assets.xcassets */; };
		C6ED5086287531AF00454F26 /* LaunchScreen.storyboard in Resources */ = {isa = PBXBuildFile; fileRef = C6ED5084287531AF00454F26 /* LaunchScreen.storyboard */; };
		C6ED50AB287532C500454F26 /* AiRequest.swift in Sources */ = {isa = PBXBuildFile; fileRef = C6ED50AA287532C500454F26 /* AiRequest.swift */; };
		C6ED50AF287534D900454F26 /* TestViewController.swift in Sources */ = {isa = PBXBuildFile; fileRef = C6ED50AE287534D900454F26 /* TestViewController.swift */; };
/* End PBXBuildFile section */

/* Begin PBXContainerItemProxy section */
		C6ED508D287531B000454F26 /* PBXContainerItemProxy */ = {
			isa = PBXContainerItemProxy;
			containerPortal = C6ED506E287531AE00454F26 /* Project object */;
			proxyType = 1;
			remoteGlobalIDString = C6ED5075287531AE00454F26;
			remoteInfo = AI_MUNJANG;
		};
		C6ED5097287531B000454F26 /* PBXContainerItemProxy */ = {
			isa = PBXContainerItemProxy;
			containerPortal = C6ED506E287531AE00454F26 /* Project object */;
			proxyType = 1;
			remoteGlobalIDString = C6ED5075287531AE00454F26;
			remoteInfo = AI_MUNJANG;
		};
/* End PBXContainerItemProxy section */

/* Begin PBXFileReference section */
		0D4D7F5FAAEF391050E9E563 /* Pods-AI_MUNJANG-AI_MUNJANGUITests.debug.xcconfig */ = {isa = PBXFileReference; includeInIndex = 1; lastKnownFileType = text.xcconfig; name = "Pods-AI_MUNJANG-AI_MUNJANGUITests.debug.xcconfig"; path = "Target Support Files/Pods-AI_MUNJANG-AI_MUNJANGUITests/Pods-AI_MUNJANG-AI_MUNJANGUITests.debug.xcconfig"; sourceTree = "<group>"; };
		0E47345844093F77134BFCFC /* Pods-AI_MUNJANGTests.release.xcconfig */ = {isa = PBXFileReference; includeInIndex = 1; lastKnownFileType = text.xcconfig; name = "Pods-AI_MUNJANGTests.release.xcconfig"; path = "Target Support Files/Pods-AI_MUNJANGTests/Pods-AI_MUNJANGTests.release.xcconfig"; sourceTree = "<group>"; };
		1308B43F21E263CEDD177B58 /* Pods_AI_MUNJANGTests.framework */ = {isa = PBXFileReference; explicitFileType = wrapper.framework; includeInIndex = 0; path = Pods_AI_MUNJANGTests.framework; sourceTree = BUILT_PRODUCTS_DIR; };
		4C254AE0B3A42AE6562B4D52 /* Pods-AI_MUNJANGTests.debug.xcconfig */ = {isa = PBXFileReference; includeInIndex = 1; lastKnownFileType = text.xcconfig; name = "Pods-AI_MUNJANGTests.debug.xcconfig"; path = "Target Support Files/Pods-AI_MUNJANGTests/Pods-AI_MUNJANGTests.debug.xcconfig"; sourceTree = "<group>"; };
		601EDDD26E6E88482D07D08A /* Pods_AI_MUNJANG.framework */ = {isa = PBXFileReference; explicitFileType = wrapper.framework; includeInIndex = 0; path = Pods_AI_MUNJANG.framework; sourceTree = BUILT_PRODUCTS_DIR; };
		717B9C3D3E8E06FB519E88B3 /* Pods-AI_MUNJANG-AI_MUNJANGUITests.release.xcconfig */ = {isa = PBXFileReference; includeInIndex = 1; lastKnownFileType = text.xcconfig; name = "Pods-AI_MUNJANG-AI_MUNJANGUITests.release.xcconfig"; path = "Target Support Files/Pods-AI_MUNJANG-AI_MUNJANGUITests/Pods-AI_MUNJANG-AI_MUNJANGUITests.release.xcconfig"; sourceTree = "<group>"; };
		7F8A5C8B851B1083EB563982 /* Pods-AI_MUNJANG.release.xcconfig */ = {isa = PBXFileReference; includeInIndex = 1; lastKnownFileType = text.xcconfig; name = "Pods-AI_MUNJANG.release.xcconfig"; path = "Target Support Files/Pods-AI_MUNJANG/Pods-AI_MUNJANG.release.xcconfig"; sourceTree = "<group>"; };
		82BE1E7BA397B2DBCA101A46 /* Pods_AI_MUNJANG_AI_MUNJANGUITests.framework */ = {isa = PBXFileReference; explicitFileType = wrapper.framework; includeInIndex = 0; path = Pods_AI_MUNJANG_AI_MUNJANGUITests.framework; sourceTree = BUILT_PRODUCTS_DIR; };
		840071CE287BE2EF00B07551 /* StackViewExtension.swift */ = {isa = PBXFileReference; lastKnownFileType = sourcecode.swift; path = StackViewExtension.swift; sourceTree = "<group>"; };
		840071CF287BE2EF00B07551 /* TextFieldsFont.swift */ = {isa = PBXFileReference; lastKnownFileType = sourcecode.swift; path = TextFieldsFont.swift; sourceTree = "<group>"; };
		840071D0287BE2EF00B07551 /* CGFloatExtension.swift */ = {isa = PBXFileReference; lastKnownFileType = sourcecode.swift; path = CGFloatExtension.swift; sourceTree = "<group>"; };
		840071D1287BE2EF00B07551 /* AdaptiveLayoutConstraint.swift */ = {isa = PBXFileReference; lastKnownFileType = sourcecode.swift; path = AdaptiveLayoutConstraint.swift; sourceTree = "<group>"; };
		840071D2287BE30500B07551 /* RoundedView.swift */ = {isa = PBXFileReference; fileEncoding = 4; lastKnownFileType = sourcecode.swift; path = RoundedView.swift; sourceTree = "<group>"; };
		840071D5287BE41300B07551 /* AdaptiveViewController.swift */ = {isa = PBXFileReference; lastKnownFileType = sourcecode.swift; path = AdaptiveViewController.swift; sourceTree = "<group>"; };
		84010D3528D8169600493976 /* SenListViewController.swift */ = {isa = PBXFileReference; lastKnownFileType = sourcecode.swift; path = SenListViewController.swift; sourceTree = "<group>"; };
		8411A5B228C836EA0061A6F5 /* MunhaeVideoViewController.swift */ = {isa = PBXFileReference; lastKnownFileType = sourcecode.swift; path = MunhaeVideoViewController.swift; sourceTree = "<group>"; };
		84261F3E28E68D8200E5E100 /* InferenceViewController.swift */ = {isa = PBXFileReference; lastKnownFileType = sourcecode.swift; path = InferenceViewController.swift; sourceTree = "<group>"; };
		84261F4028ED603D00E5E100 /* CorrectionViewController.swift */ = {isa = PBXFileReference; lastKnownFileType = sourcecode.swift; path = CorrectionViewController.swift; sourceTree = "<group>"; };
		84261F4228ED654900E5E100 /* CorrectionCollectionViewCell.swift */ = {isa = PBXFileReference; lastKnownFileType = sourcecode.swift; path = CorrectionCollectionViewCell.swift; sourceTree = "<group>"; };
		842B0360288502540000BEDA /* AlertService.swift */ = {isa = PBXFileReference; fileEncoding = 4; lastKnownFileType = sourcecode.swift; path = AlertService.swift; sourceTree = "<group>"; };
		842B03622885025D0000BEDA /* CustomAlertViewController.swift */ = {isa = PBXFileReference; fileEncoding = 4; lastKnownFileType = sourcecode.swift; path = CustomAlertViewController.swift; sourceTree = "<group>"; };
		842B0364288504EB0000BEDA /* CustomCheckBoxLabel.swift */ = {isa = PBXFileReference; lastKnownFileType = sourcecode.swift; path = CustomCheckBoxLabel.swift; sourceTree = "<group>"; };
		842B0366288504FE0000BEDA /* CustomCheckBoxLabel.xib */ = {isa = PBXFileReference; lastKnownFileType = file.xib; path = CustomCheckBoxLabel.xib; sourceTree = "<group>"; };
		842B037D2885417A0000BEDA /* Constnats.swift */ = {isa = PBXFileReference; lastKnownFileType = sourcecode.swift; path = Constnats.swift; sourceTree = "<group>"; };
		842B0380288543FB0000BEDA /* TermsViewController.swift */ = {isa = PBXFileReference; lastKnownFileType = sourcecode.swift; path = TermsViewController.swift; sourceTree = "<group>"; };
		842B0382288556680000BEDA /* TermsDetailViewController.swift */ = {isa = PBXFileReference; lastKnownFileType = sourcecode.swift; path = TermsDetailViewController.swift; sourceTree = "<group>"; };
		842B03872886422F0000BEDA /* NanumSquareL.ttf */ = {isa = PBXFileReference; lastKnownFileType = file; path = NanumSquareL.ttf; sourceTree = "<group>"; };
		842B0388288642300000BEDA /* NanumSquareR.ttf */ = {isa = PBXFileReference; lastKnownFileType = file; path = NanumSquareR.ttf; sourceTree = "<group>"; };
		842B0389288642300000BEDA /* NanumSquareEB.ttf */ = {isa = PBXFileReference; lastKnownFileType = file; path = NanumSquareEB.ttf; sourceTree = "<group>"; };
		842B038A288642300000BEDA /* NanumSquareB.ttf */ = {isa = PBXFileReference; lastKnownFileType = file; path = NanumSquareB.ttf; sourceTree = "<group>"; };
		842B0393288645010000BEDA /* SignUpViewController.swift */ = {isa = PBXFileReference; lastKnownFileType = sourcecode.swift; path = SignUpViewController.swift; sourceTree = "<group>"; };
		842B0395288647760000BEDA /* CustomTextField.swift */ = {isa = PBXFileReference; lastKnownFileType = sourcecode.swift; path = CustomTextField.swift; sourceTree = "<group>"; };
		842B0397288647850000BEDA /* CustomTextField.xib */ = {isa = PBXFileReference; lastKnownFileType = file.xib; path = CustomTextField.xib; sourceTree = "<group>"; };
		842B039D288688D40000BEDA /* ResetPasswordViewController.swift */ = {isa = PBXFileReference; lastKnownFileType = sourcecode.swift; path = ResetPasswordViewController.swift; sourceTree = "<group>"; };
		842B039F2886931E0000BEDA /* ResetPasswordDetailViewController.swift */ = {isa = PBXFileReference; lastKnownFileType = sourcecode.swift; path = ResetPasswordDetailViewController.swift; sourceTree = "<group>"; };
		842B03A228869ACF0000BEDA /* ResignViewController.swift */ = {isa = PBXFileReference; lastKnownFileType = sourcecode.swift; path = ResignViewController.swift; sourceTree = "<group>"; };
		842B03A428869AFC0000BEDA /* ResignReasonViewController.swift */ = {isa = PBXFileReference; lastKnownFileType = sourcecode.swift; path = ResignReasonViewController.swift; sourceTree = "<group>"; };
		842B03A62887E7470000BEDA /* ChangePasswordViewController.swift */ = {isa = PBXFileReference; lastKnownFileType = sourcecode.swift; path = ChangePasswordViewController.swift; sourceTree = "<group>"; };
		842B03A92888E35F0000BEDA /* SubscriptionViewController.swift */ = {isa = PBXFileReference; lastKnownFileType = sourcecode.swift; path = SubscriptionViewController.swift; sourceTree = "<group>"; };
		842B03AB2888E4AC0000BEDA /* CustomNaviBarView.swift */ = {isa = PBXFileReference; lastKnownFileType = sourcecode.swift; path = CustomNaviBarView.swift; sourceTree = "<group>"; };
		842B03AD2888E4BF0000BEDA /* CustomNaviBarView.xib */ = {isa = PBXFileReference; lastKnownFileType = file.xib; path = CustomNaviBarView.xib; sourceTree = "<group>"; };
		8432B3B628DD6B95005E6583 /* videoContents.json */ = {isa = PBXFileReference; fileEncoding = 4; lastKnownFileType = text.json; path = videoContents.json; sourceTree = "<group>"; };
		8433AA6528F514B70044061A /* DummyMainViewController.swift */ = {isa = PBXFileReference; lastKnownFileType = sourcecode.swift; path = DummyMainViewController.swift; sourceTree = "<group>"; };
		843F27BB28A4CA9900E36E33 /* BannerCell.swift */ = {isa = PBXFileReference; lastKnownFileType = sourcecode.swift; path = BannerCell.swift; sourceTree = "<group>"; };
		843F27BE28A5E74200E36E33 /* success.mp3 */ = {isa = PBXFileReference; lastKnownFileType = audio.mp3; path = success.mp3; sourceTree = "<group>"; };
		843F27C028A5E97300E36E33 /* failed.mp3 */ = {isa = PBXFileReference; lastKnownFileType = audio.mp3; path = failed.mp3; sourceTree = "<group>"; };
		843F27C228A5EA4F00E36E33 /* TTS.swift */ = {isa = PBXFileReference; lastKnownFileType = sourcecode.swift; path = TTS.swift; sourceTree = "<group>"; };
		844226DF2890F66700DCB93B /* GoogleService-Info.plist */ = {isa = PBXFileReference; fileEncoding = 4; lastKnownFileType = text.plist.xml; path = "GoogleService-Info.plist"; sourceTree = "<group>"; };
		84458A7328BF47F500A70F20 /* MunJangEightDetailViewController.swift */ = {isa = PBXFileReference; fileEncoding = 4; lastKnownFileType = sourcecode.swift; path = MunJangEightDetailViewController.swift; sourceTree = "<group>"; };
		84458A7428BF47F500A70F20 /* MunjangEightDetailCollectionViewCell.swift */ = {isa = PBXFileReference; fileEncoding = 4; lastKnownFileType = sourcecode.swift; path = MunjangEightDetailCollectionViewCell.swift; sourceTree = "<group>"; };
		84488C78288F865B008400AC /* MyPageViewController.swift */ = {isa = PBXFileReference; lastKnownFileType = sourcecode.swift; path = MyPageViewController.swift; sourceTree = "<group>"; };
		84488C7A2890E63D008400AC /* AI_MUNJANG.entitlements */ = {isa = PBXFileReference; lastKnownFileType = text.plist.entitlements; path = AI_MUNJANG.entitlements; sourceTree = "<group>"; };
		844A4D4F28B4AF73002C7F6B /* UserInfo.swift */ = {isa = PBXFileReference; lastKnownFileType = sourcecode.swift; path = UserInfo.swift; sourceTree = "<group>"; };
		8455F05B28B75F4700613946 /* AnalyzeViewController.swift */ = {isa = PBXFileReference; lastKnownFileType = sourcecode.swift; path = AnalyzeViewController.swift; sourceTree = "<group>"; };
		8455F05D28B8585A00613946 /* AnalyzeResultViewController.swift */ = {isa = PBXFileReference; lastKnownFileType = sourcecode.swift; path = AnalyzeResultViewController.swift; sourceTree = "<group>"; wrapsLines = 0; };
		8455F06B28B9FBF800613946 /* MunjangEightCollectionViewCell.xib */ = {isa = PBXFileReference; lastKnownFileType = file.xib; path = MunjangEightCollectionViewCell.xib; sourceTree = "<group>"; };
		8455F0C428BCA40900613946 /* AnalyzeCollectionViewCell.swift */ = {isa = PBXFileReference; lastKnownFileType = sourcecode.swift; path = AnalyzeCollectionViewCell.swift; sourceTree = "<group>"; };
		8455F0C628BCB0FF00613946 /* WordCollectionViewCell.swift */ = {isa = PBXFileReference; lastKnownFileType = sourcecode.swift; path = WordCollectionViewCell.swift; sourceTree = "<group>"; };
		845D5A3B28C1C86100CB67DE /* MunhaeTestViewController.swift */ = {isa = PBXFileReference; lastKnownFileType = sourcecode.swift; path = MunhaeTestViewController.swift; sourceTree = "<group>"; };
		845D5A3E28C1E63900CB67DE /* MunhaeTestModel.swift */ = {isa = PBXFileReference; lastKnownFileType = sourcecode.swift; path = MunhaeTestModel.swift; sourceTree = "<group>"; };
		845D5A4028C1E70600CB67DE /* MunhaeTestContentData.swift */ = {isa = PBXFileReference; lastKnownFileType = sourcecode.swift; path = MunhaeTestContentData.swift; sourceTree = "<group>"; };
		84648ECE28E43A380036DC89 /* Base */ = {isa = PBXFileReference; lastKnownFileType = file.storyboard; name = Base; path = Base.lproj/Main_ipad.storyboard; sourceTree = "<group>"; };
		846B08922893C7B300A6D4BD /* IAPHelpler.swift */ = {isa = PBXFileReference; lastKnownFileType = sourcecode.swift; path = IAPHelpler.swift; sourceTree = "<group>"; };
		846B089428977C2E00A6D4BD /* HomePageViewController.swift */ = {isa = PBXFileReference; lastKnownFileType = sourcecode.swift; path = HomePageViewController.swift; sourceTree = "<group>"; };
		846E2BE128A34FDD00C5292D /* QuizContentData.swift */ = {isa = PBXFileReference; lastKnownFileType = sourcecode.swift; path = QuizContentData.swift; sourceTree = "<group>"; };
		84739D8028C8614B0052B20C /* MunjangEightViewController.swift */ = {isa = PBXFileReference; lastKnownFileType = sourcecode.swift; path = MunjangEightViewController.swift; sourceTree = "<group>"; };
		84739D8228C871D80052B20C /* SampleCollectionViewCell.swift */ = {isa = PBXFileReference; lastKnownFileType = sourcecode.swift; path = SampleCollectionViewCell.swift; sourceTree = "<group>"; };
		8474DCFA287BFE0F008275FC /* OnBoardingViewController.swift */ = {isa = PBXFileReference; lastKnownFileType = sourcecode.swift; path = OnBoardingViewController.swift; sourceTree = "<group>"; };
		8474DCFD287D02DC008275FC /* CustomButtonView.swift */ = {isa = PBXFileReference; fileEncoding = 4; lastKnownFileType = sourcecode.swift; path = CustomButtonView.swift; sourceTree = "<group>"; };
		8474DCFE287D02DC008275FC /* CustomButtonView.xib */ = {isa = PBXFileReference; fileEncoding = 4; lastKnownFileType = file.xib; path = CustomButtonView.xib; sourceTree = "<group>"; };
		8474DD07287D0573008275FC /* CommonUIViewController.swift */ = {isa = PBXFileReference; lastKnownFileType = sourcecode.swift; path = CommonUIViewController.swift; sourceTree = "<group>"; };
		8474DD0B287D16E4008275FC /* CustomEmailView.xib */ = {isa = PBXFileReference; lastKnownFileType = file.xib; path = CustomEmailView.xib; sourceTree = "<group>"; };
		8474DD0D287D1A52008275FC /* CustomEmailView.swift */ = {isa = PBXFileReference; lastKnownFileType = sourcecode.swift; path = CustomEmailView.swift; sourceTree = "<group>"; };
		8474DD0F287D33B8008275FC /* CustomTextView.swift */ = {isa = PBXFileReference; lastKnownFileType = sourcecode.swift; path = CustomTextView.swift; sourceTree = "<group>"; };
		8474DD11287D33C3008275FC /* CustomTextView.xib */ = {isa = PBXFileReference; lastKnownFileType = file.xib; path = CustomTextView.xib; sourceTree = "<group>"; };
		8474DD1B287E56D3008275FC /* CustomPasswordView.swift */ = {isa = PBXFileReference; lastKnownFileType = sourcecode.swift; path = CustomPasswordView.swift; sourceTree = "<group>"; };
		8474DD1D287E573C008275FC /* CustomPasswordView.xib */ = {isa = PBXFileReference; lastKnownFileType = file.xib; path = CustomPasswordView.xib; sourceTree = "<group>"; };
		8474DD1F287E5DA0008275FC /* TextFieldExtension.swift */ = {isa = PBXFileReference; lastKnownFileType = sourcecode.swift; path = TextFieldExtension.swift; sourceTree = "<group>"; };
		8474DD21287E6C78008275FC /* Utils.swift */ = {isa = PBXFileReference; lastKnownFileType = sourcecode.swift; path = Utils.swift; sourceTree = "<group>"; };
		8474DD26287EB63C008275FC /* LoginViewController.swift */ = {isa = PBXFileReference; lastKnownFileType = sourcecode.swift; path = LoginViewController.swift; sourceTree = "<group>"; };
		84B2FCBE28C597FF002B4365 /* MunhaeTestQuizViewController.swift */ = {isa = PBXFileReference; lastKnownFileType = sourcecode.swift; path = MunhaeTestQuizViewController.swift; sourceTree = "<group>"; };
		84D8A68128F7ECDB00ACFA18 /* HomeViewController.swift */ = {isa = PBXFileReference; lastKnownFileType = sourcecode.swift; path = HomeViewController.swift; sourceTree = "<group>"; };
		84E7B04928AE23C60009E8E1 /* DownloadViewController.swift */ = {isa = PBXFileReference; lastKnownFileType = sourcecode.swift; path = DownloadViewController.swift; sourceTree = "<group>"; };
		84E7B04B28AE2DF20009E8E1 /* Core.swift */ = {isa = PBXFileReference; lastKnownFileType = sourcecode.swift; path = Core.swift; sourceTree = "<group>"; };
		84EAC50228DAEB0B00DC6FEA /* MainCollectionViewCell.swift */ = {isa = PBXFileReference; lastKnownFileType = sourcecode.swift; path = MainCollectionViewCell.swift; sourceTree = "<group>"; };
		84EBC3C3289B886E0089F9AC /* MunjangEightCollectionViewCell.swift */ = {isa = PBXFileReference; lastKnownFileType = sourcecode.swift; path = MunjangEightCollectionViewCell.swift; sourceTree = "<group>"; };
		84EBC3C9289CA6B00089F9AC /* MunjangQuizViewController.swift */ = {isa = PBXFileReference; lastKnownFileType = sourcecode.swift; path = MunjangQuizViewController.swift; sourceTree = "<group>"; };
		84EBC3CC28A0B6BA0089F9AC /* QuizModel.swift */ = {isa = PBXFileReference; lastKnownFileType = sourcecode.swift; path = QuizModel.swift; sourceTree = "<group>"; };
		C6ED5076287531AE00454F26 /* AI_MUNJANG.app */ = {isa = PBXFileReference; explicitFileType = wrapper.application; includeInIndex = 0; path = AI_MUNJANG.app; sourceTree = BUILT_PRODUCTS_DIR; };
		C6ED5079287531AE00454F26 /* AppDelegate.swift */ = {isa = PBXFileReference; lastKnownFileType = sourcecode.swift; path = AppDelegate.swift; sourceTree = "<group>"; };
		C6ED507D287531AE00454F26 /* MainViewController.swift */ = {isa = PBXFileReference; lastKnownFileType = sourcecode.swift; path = MainViewController.swift; sourceTree = "<group>"; };
		C6ED5080287531AE00454F26 /* Base */ = {isa = PBXFileReference; lastKnownFileType = file.storyboard; name = Base; path = Base.lproj/Main.storyboard; sourceTree = "<group>"; };
		C6ED5082287531AF00454F26 /* Assets.xcassets */ = {isa = PBXFileReference; lastKnownFileType = folder.assetcatalog; path = Assets.xcassets; sourceTree = "<group>"; };
		C6ED5085287531AF00454F26 /* Base */ = {isa = PBXFileReference; lastKnownFileType = file.storyboard; name = Base; path = Base.lproj/LaunchScreen.storyboard; sourceTree = "<group>"; };
		C6ED5087287531AF00454F26 /* Info.plist */ = {isa = PBXFileReference; lastKnownFileType = text.plist.xml; path = Info.plist; sourceTree = "<group>"; };
		C6ED508C287531B000454F26 /* AI_MUNJANGTests.xctest */ = {isa = PBXFileReference; explicitFileType = wrapper.cfbundle; includeInIndex = 0; path = AI_MUNJANGTests.xctest; sourceTree = BUILT_PRODUCTS_DIR; };
		C6ED5096287531B000454F26 /* AI_MUNJANGUITests.xctest */ = {isa = PBXFileReference; explicitFileType = wrapper.cfbundle; includeInIndex = 0; path = AI_MUNJANGUITests.xctest; sourceTree = BUILT_PRODUCTS_DIR; };
		C6ED50AA287532C500454F26 /* AiRequest.swift */ = {isa = PBXFileReference; lastKnownFileType = sourcecode.swift; path = AiRequest.swift; sourceTree = "<group>"; };
		C6ED50AE287534D900454F26 /* TestViewController.swift */ = {isa = PBXFileReference; lastKnownFileType = sourcecode.swift; path = TestViewController.swift; sourceTree = "<group>"; };
		D18360754053067223B5126A /* Pods-AI_MUNJANG.debug.xcconfig */ = {isa = PBXFileReference; includeInIndex = 1; lastKnownFileType = text.xcconfig; name = "Pods-AI_MUNJANG.debug.xcconfig"; path = "Target Support Files/Pods-AI_MUNJANG/Pods-AI_MUNJANG.debug.xcconfig"; sourceTree = "<group>"; };
/* End PBXFileReference section */

/* Begin PBXFrameworksBuildPhase section */
		C6ED5073287531AE00454F26 /* Frameworks */ = {
			isa = PBXFrameworksBuildPhase;
			buildActionMask = 2147483647;
			files = (
				84D8A67F28F7E8EE00ACFA18 /* Zip in Frameworks */,
				84D8A67828F7E7FC00ACFA18 /* Charts in Frameworks */,
				84D8A67C28F7E8D100ACFA18 /* DropDown in Frameworks */,
				B82F28AA489DEC3AB9CC4BE3 /* Pods_AI_MUNJANG.framework in Frameworks */,
			);
			runOnlyForDeploymentPostprocessing = 0;
		};
		C6ED5089287531B000454F26 /* Frameworks */ = {
			isa = PBXFrameworksBuildPhase;
			buildActionMask = 2147483647;
			files = (
				1C46D827B841232FF1AE4B3B /* Pods_AI_MUNJANGTests.framework in Frameworks */,
			);
			runOnlyForDeploymentPostprocessing = 0;
		};
		C6ED5093287531B000454F26 /* Frameworks */ = {
			isa = PBXFrameworksBuildPhase;
			buildActionMask = 2147483647;
			files = (
				09910C8354E46D1E4B218FF9 /* Pods_AI_MUNJANG_AI_MUNJANGUITests.framework in Frameworks */,
			);
			runOnlyForDeploymentPostprocessing = 0;
		};
/* End PBXFrameworksBuildPhase section */

/* Begin PBXGroup section */
		8411A5B428C836EF0061A6F5 /* MunhaeVideo */ = {
			isa = PBXGroup;
			children = (
				8432B3B628DD6B95005E6583 /* videoContents.json */,
				8411A5B228C836EA0061A6F5 /* MunhaeVideoViewController.swift */,
			);
			name = MunhaeVideo;
			sourceTree = "<group>";
		};
		842B037C288541680000BEDA /* Constants */ = {
			isa = PBXGroup;
			children = (
				842B037D2885417A0000BEDA /* Constnats.swift */,
			);
			path = Constants;
			sourceTree = "<group>";
		};
		842B037F288543DC0000BEDA /* SignUp */ = {
			isa = PBXGroup;
			children = (
				842B0380288543FB0000BEDA /* TermsViewController.swift */,
				842B0382288556680000BEDA /* TermsDetailViewController.swift */,
				842B0393288645010000BEDA /* SignUpViewController.swift */,
			);
			name = SignUp;
			sourceTree = "<group>";
		};
		842B0386288642200000BEDA /* Fonts */ = {
			isa = PBXGroup;
			children = (
				842B038A288642300000BEDA /* NanumSquareB.ttf */,
				842B0389288642300000BEDA /* NanumSquareEB.ttf */,
				842B03872886422F0000BEDA /* NanumSquareL.ttf */,
				842B0388288642300000BEDA /* NanumSquareR.ttf */,
			);
			name = Fonts;
			sourceTree = "<group>";
		};
		842B039C288688B40000BEDA /* ResetPassword */ = {
			isa = PBXGroup;
			children = (
				842B039D288688D40000BEDA /* ResetPasswordViewController.swift */,
				842B039F2886931E0000BEDA /* ResetPasswordDetailViewController.swift */,
				842B03A62887E7470000BEDA /* ChangePasswordViewController.swift */,
			);
			path = ResetPassword;
			sourceTree = "<group>";
		};
		842B03A128869AAB0000BEDA /* Resign */ = {
			isa = PBXGroup;
			children = (
				842B03A228869ACF0000BEDA /* ResignViewController.swift */,
				842B03A428869AFC0000BEDA /* ResignReasonViewController.swift */,
			);
			name = Resign;
			sourceTree = "<group>";
		};
		842B03A82888E3420000BEDA /* Subscription */ = {
			isa = PBXGroup;
			children = (
				842B03A92888E35F0000BEDA /* SubscriptionViewController.swift */,
				846B08922893C7B300A6D4BD /* IAPHelpler.swift */,
			);
			path = Subscription;
			sourceTree = "<group>";
		};
		842B03B1288A336C0000BEDA /* Main */ = {
			isa = PBXGroup;
			children = (
				C6ED507D287531AE00454F26 /* MainViewController.swift */,
				84739D8028C8614B0052B20C /* MunjangEightViewController.swift */,
				84EAC50228DAEB0B00DC6FEA /* MainCollectionViewCell.swift */,
				84458A7428BF47F500A70F20 /* MunjangEightDetailCollectionViewCell.swift */,
				84458A7328BF47F500A70F20 /* MunJangEightDetailViewController.swift */,
				84EBC3C3289B886E0089F9AC /* MunjangEightCollectionViewCell.swift */,
				8455F06B28B9FBF800613946 /* MunjangEightCollectionViewCell.xib */,
				84EBC3C9289CA6B00089F9AC /* MunjangQuizViewController.swift */,
				843F27BB28A4CA9900E36E33 /* BannerCell.swift */,
				8433AA6528F514B70044061A /* DummyMainViewController.swift */,
			);
			name = Main;
			sourceTree = "<group>";
		};
		843F27BD28A5E72F00E36E33 /* EffectSounds */ = {
			isa = PBXGroup;
			children = (
				843F27C028A5E97300E36E33 /* failed.mp3 */,
				843F27BE28A5E74200E36E33 /* success.mp3 */,
			);
			name = EffectSounds;
			sourceTree = "<group>";
		};
		84488C77288F861A008400AC /* MyPage */ = {
			isa = PBXGroup;
			children = (
				84488C78288F865B008400AC /* MyPageViewController.swift */,
				846B089428977C2E00A6D4BD /* HomePageViewController.swift */,
			);
			name = MyPage;
			sourceTree = "<group>";
		};
		844A4D4D28B4AF1A002C7F6B /* ContentsDownload */ = {
			isa = PBXGroup;
			children = (
				84E7B04928AE23C60009E8E1 /* DownloadViewController.swift */,
			);
			name = ContentsDownload;
			sourceTree = "<group>";
		};
		844A4D4E28B4AF59002C7F6B /* UserInfoModel */ = {
			isa = PBXGroup;
			children = (
				844A4D4F28B4AF73002C7F6B /* UserInfo.swift */,
			);
			name = UserInfoModel;
			sourceTree = "<group>";
		};
		8455F05A28B75F0700613946 /* AnalyzeSentence */ = {
			isa = PBXGroup;
			children = (
				8455F05B28B75F4700613946 /* AnalyzeViewController.swift */,
				8455F05D28B8585A00613946 /* AnalyzeResultViewController.swift */,
				8455F0C428BCA40900613946 /* AnalyzeCollectionViewCell.swift */,
				8455F0C628BCB0FF00613946 /* WordCollectionViewCell.swift */,
				84010D3528D8169600493976 /* SenListViewController.swift */,
				84261F3E28E68D8200E5E100 /* InferenceViewController.swift */,
				84261F4028ED603D00E5E100 /* CorrectionViewController.swift */,
				84261F4228ED654900E5E100 /* CorrectionCollectionViewCell.swift */,
			);
			path = AnalyzeSentence;
			sourceTree = "<group>";
		};
		845D5A3D28C1C88500CB67DE /* MunhaeTest */ = {
			isa = PBXGroup;
			children = (
				845D5A3B28C1C86100CB67DE /* MunhaeTestViewController.swift */,
				84B2FCBE28C597FF002B4365 /* MunhaeTestQuizViewController.swift */,
			);
			name = MunhaeTest;
			sourceTree = "<group>";
		};
		8474DCFC287D02C7008275FC /* CommonUI */ = {
			isa = PBXGroup;
			children = (
				842B03622885025D0000BEDA /* CustomAlertViewController.swift */,
				842B0360288502540000BEDA /* AlertService.swift */,
				8474DCFD287D02DC008275FC /* CustomButtonView.swift */,
				8474DCFE287D02DC008275FC /* CustomButtonView.xib */,
				8474DD0D287D1A52008275FC /* CustomEmailView.swift */,
				8474DD0B287D16E4008275FC /* CustomEmailView.xib */,
				8474DD1B287E56D3008275FC /* CustomPasswordView.swift */,
				8474DD1D287E573C008275FC /* CustomPasswordView.xib */,
				842B0395288647760000BEDA /* CustomTextField.swift */,
				842B0397288647850000BEDA /* CustomTextField.xib */,
				8474DD0F287D33B8008275FC /* CustomTextView.swift */,
				8474DD11287D33C3008275FC /* CustomTextView.xib */,
				8474DD1F287E5DA0008275FC /* TextFieldExtension.swift */,
				842B0364288504EB0000BEDA /* CustomCheckBoxLabel.swift */,
				842B0366288504FE0000BEDA /* CustomCheckBoxLabel.xib */,
				842B03AB2888E4AC0000BEDA /* CustomNaviBarView.swift */,
				842B03AD2888E4BF0000BEDA /* CustomNaviBarView.xib */,
			);
			name = CommonUI;
			sourceTree = "<group>";
		};
		8474DD01287D02E8008275FC /* Sample */ = {
			isa = PBXGroup;
			children = (
				C6ED50AE287534D900454F26 /* TestViewController.swift */,
				840071D5287BE41300B07551 /* AdaptiveViewController.swift */,
				8474DD07287D0573008275FC /* CommonUIViewController.swift */,
				84739D8228C871D80052B20C /* SampleCollectionViewCell.swift */,
			);
			name = Sample;
			sourceTree = "<group>";
		};
		8474DD02287D02FB008275FC /* Network */ = {
			isa = PBXGroup;
			children = (
				C6ED50AA287532C500454F26 /* AiRequest.swift */,
			);
			name = Network;
			sourceTree = "<group>";
		};
		8474DD04287D0326008275FC /* Adaptive */ = {
			isa = PBXGroup;
			children = (
				840071D2287BE30500B07551 /* RoundedView.swift */,
				840071CE287BE2EF00B07551 /* StackViewExtension.swift */,
				840071CF287BE2EF00B07551 /* TextFieldsFont.swift */,
				840071D0287BE2EF00B07551 /* CGFloatExtension.swift */,
				840071D1287BE2EF00B07551 /* AdaptiveLayoutConstraint.swift */,
			);
			path = Adaptive;
			sourceTree = "<group>";
		};
		8474DD05287D0341008275FC /* Intro */ = {
			isa = PBXGroup;
			children = (
				8474DCFA287BFE0F008275FC /* OnBoardingViewController.swift */,
			);
			path = Intro;
			sourceTree = "<group>";
		};
		8474DD23287E6C7D008275FC /* Utils */ = {
			isa = PBXGroup;
			children = (
				8474DD21287E6C78008275FC /* Utils.swift */,
				843F27C228A5EA4F00E36E33 /* TTS.swift */,
				84E7B04B28AE2DF20009E8E1 /* Core.swift */,
			);
			path = Utils;
			sourceTree = "<group>";
		};
		8474DD24287EA043008275FC /* Launching */ = {
			isa = PBXGroup;
			children = (
				C6ED5084287531AF00454F26 /* LaunchScreen.storyboard */,
			);
			name = Launching;
			sourceTree = "<group>";
		};
		8474DD25287EB61E008275FC /* Login */ = {
			isa = PBXGroup;
			children = (
				8474DD26287EB63C008275FC /* LoginViewController.swift */,
			);
			path = Login;
			sourceTree = "<group>";
		};
		84D8A68028F7ECBA00ACFA18 /* Home */ = {
			isa = PBXGroup;
			children = (
				84D8A68128F7ECDB00ACFA18 /* HomeViewController.swift */,
			);
			name = Home;
			sourceTree = "<group>";
		};
		84EBC3CB28A0B69B0089F9AC /* QuizModel */ = {
			isa = PBXGroup;
			children = (
				84EBC3CC28A0B6BA0089F9AC /* QuizModel.swift */,
				846E2BE128A34FDD00C5292D /* QuizContentData.swift */,
				845D5A4028C1E70600CB67DE /* MunhaeTestContentData.swift */,
				845D5A3E28C1E63900CB67DE /* MunhaeTestModel.swift */,
			);
			name = QuizModel;
			sourceTree = "<group>";
		};
		8B5FF546FE32A902A1BF68DD /* Pods */ = {
			isa = PBXGroup;
			children = (
				D18360754053067223B5126A /* Pods-AI_MUNJANG.debug.xcconfig */,
				7F8A5C8B851B1083EB563982 /* Pods-AI_MUNJANG.release.xcconfig */,
				0D4D7F5FAAEF391050E9E563 /* Pods-AI_MUNJANG-AI_MUNJANGUITests.debug.xcconfig */,
				717B9C3D3E8E06FB519E88B3 /* Pods-AI_MUNJANG-AI_MUNJANGUITests.release.xcconfig */,
				4C254AE0B3A42AE6562B4D52 /* Pods-AI_MUNJANGTests.debug.xcconfig */,
				0E47345844093F77134BFCFC /* Pods-AI_MUNJANGTests.release.xcconfig */,
			);
			path = Pods;
			sourceTree = "<group>";
		};
		BC2FE6537C9C06F991C945DE /* Frameworks */ = {
			isa = PBXGroup;
			children = (
				601EDDD26E6E88482D07D08A /* Pods_AI_MUNJANG.framework */,
				82BE1E7BA397B2DBCA101A46 /* Pods_AI_MUNJANG_AI_MUNJANGUITests.framework */,
				1308B43F21E263CEDD177B58 /* Pods_AI_MUNJANGTests.framework */,
			);
			name = Frameworks;
			sourceTree = "<group>";
		};
		C6ED506D287531AE00454F26 = {
			isa = PBXGroup;
			children = (
				C6ED5078287531AE00454F26 /* AI_MUNJANG */,
				8B5FF546FE32A902A1BF68DD /* Pods */,
				BC2FE6537C9C06F991C945DE /* Frameworks */,
			);
			sourceTree = "<group>";
		};
		C6ED5077287531AE00454F26 /* Products */ = {
			isa = PBXGroup;
			children = (
				C6ED5076287531AE00454F26 /* AI_MUNJANG.app */,
				C6ED508C287531B000454F26 /* AI_MUNJANGTests.xctest */,
				C6ED5096287531B000454F26 /* AI_MUNJANGUITests.xctest */,
			);
			name = Products;
			path = ..;
			sourceTree = "<group>";
		};
		C6ED5078287531AE00454F26 /* AI_MUNJANG */ = {
			isa = PBXGroup;
			children = (
				84488C7A2890E63D008400AC /* AI_MUNJANG.entitlements */,
				C6ED5079287531AE00454F26 /* AppDelegate.swift */,
				C6ED507F287531AE00454F26 /* Main.storyboard */,
				84648ECD28E43A380036DC89 /* Main_ipad.storyboard */,
				844226DF2890F66700DCB93B /* GoogleService-Info.plist */,
				C6ED5082287531AF00454F26 /* Assets.xcassets */,
				C6ED5087287531AF00454F26 /* Info.plist */,
				84D8A68028F7ECBA00ACFA18 /* Home */,
				842B03B1288A336C0000BEDA /* Main */,
				844A4D4E28B4AF59002C7F6B /* UserInfoModel */,
				843F27BD28A5E72F00E36E33 /* EffectSounds */,
				844A4D4D28B4AF1A002C7F6B /* ContentsDownload */,
				842B03A128869AAB0000BEDA /* Resign */,
				842B039C288688B40000BEDA /* ResetPassword */,
				842B0386288642200000BEDA /* Fonts */,
				842B037F288543DC0000BEDA /* SignUp */,
				8474DD25287EB61E008275FC /* Login */,
				8474DD24287EA043008275FC /* Launching */,
				8474DD05287D0341008275FC /* Intro */,
				8474DD04287D0326008275FC /* Adaptive */,
				8474DD02287D02FB008275FC /* Network */,
				8474DD01287D02E8008275FC /* Sample */,
				8474DCFC287D02C7008275FC /* CommonUI */,
				842B037C288541680000BEDA /* Constants */,
				842B03A82888E3420000BEDA /* Subscription */,
				84488C77288F861A008400AC /* MyPage */,
				845D5A3D28C1C88500CB67DE /* MunhaeTest */,
				8411A5B428C836EF0061A6F5 /* MunhaeVideo */,
				84EBC3CB28A0B69B0089F9AC /* QuizModel */,
				C6ED5077287531AE00454F26 /* Products */,
				8474DD23287E6C7D008275FC /* Utils */,
				8455F05A28B75F0700613946 /* AnalyzeSentence */,
			);
			path = AI_MUNJANG;
			sourceTree = "<group>";
		};
/* End PBXGroup section */

/* Begin PBXNativeTarget section */
		C6ED5075287531AE00454F26 /* AI_MUNJANG */ = {
			isa = PBXNativeTarget;
			buildConfigurationList = C6ED50A0287531B000454F26 /* Build configuration list for PBXNativeTarget "AI_MUNJANG" */;
			buildPhases = (
				C61453041135CAB85F9BDE40 /* [CP] Check Pods Manifest.lock */,
				C6ED5072287531AE00454F26 /* Sources */,
				C6ED5073287531AE00454F26 /* Frameworks */,
				C6ED5074287531AE00454F26 /* Resources */,
				B4E93673FA0D78DA8774B377 /* [CP] Embed Pods Frameworks */,
				849634C828EFC3FC00B1533B /* ShellScript */,
			);
			buildRules = (
			);
			dependencies = (
			);
			name = AI_MUNJANG;
			packageProductDependencies = (
				84D8A67728F7E7FC00ACFA18 /* Charts */,
				84D8A67B28F7E8D100ACFA18 /* DropDown */,
				84D8A67E28F7E8EE00ACFA18 /* Zip */,
			);
			productName = AI_MUNJANG;
			productReference = C6ED5076287531AE00454F26 /* AI_MUNJANG.app */;
			productType = "com.apple.product-type.application";
		};
		C6ED508B287531B000454F26 /* AI_MUNJANGTests */ = {
			isa = PBXNativeTarget;
			buildConfigurationList = C6ED50A3287531B000454F26 /* Build configuration list for PBXNativeTarget "AI_MUNJANGTests" */;
			buildPhases = (
				D0DFFC547C1A994FF75E3A28 /* [CP] Check Pods Manifest.lock */,
				C6ED5088287531B000454F26 /* Sources */,
				C6ED5089287531B000454F26 /* Frameworks */,
				C6ED508A287531B000454F26 /* Resources */,
			);
			buildRules = (
			);
			dependencies = (
				C6ED508E287531B000454F26 /* PBXTargetDependency */,
			);
			name = AI_MUNJANGTests;
			productName = AI_MUNJANGTests;
			productReference = C6ED508C287531B000454F26 /* AI_MUNJANGTests.xctest */;
			productType = "com.apple.product-type.bundle.unit-test";
		};
		C6ED5095287531B000454F26 /* AI_MUNJANGUITests */ = {
			isa = PBXNativeTarget;
			buildConfigurationList = C6ED50A6287531B000454F26 /* Build configuration list for PBXNativeTarget "AI_MUNJANGUITests" */;
			buildPhases = (
				A4B9A0A5FBC4AC5E7F5E0679 /* [CP] Check Pods Manifest.lock */,
				C6ED5092287531B000454F26 /* Sources */,
				C6ED5093287531B000454F26 /* Frameworks */,
				C6ED5094287531B000454F26 /* Resources */,
				CB157254BCFA205C3F14A2DC /* [CP] Embed Pods Frameworks */,
			);
			buildRules = (
			);
			dependencies = (
				C6ED5098287531B000454F26 /* PBXTargetDependency */,
			);
			name = AI_MUNJANGUITests;
			productName = AI_MUNJANGUITests;
			productReference = C6ED5096287531B000454F26 /* AI_MUNJANGUITests.xctest */;
			productType = "com.apple.product-type.bundle.ui-testing";
		};
/* End PBXNativeTarget section */

/* Begin PBXProject section */
		C6ED506E287531AE00454F26 /* Project object */ = {
			isa = PBXProject;
			attributes = {
				BuildIndependentTargetsInParallel = 1;
				LastSwiftUpdateCheck = 1320;
				LastUpgradeCheck = 1320;
				TargetAttributes = {
					C6ED5075287531AE00454F26 = {
						CreatedOnToolsVersion = 13.2.1;
					};
					C6ED508B287531B000454F26 = {
						CreatedOnToolsVersion = 13.2.1;
						TestTargetID = C6ED5075287531AE00454F26;
					};
					C6ED5095287531B000454F26 = {
						CreatedOnToolsVersion = 13.2.1;
						TestTargetID = C6ED5075287531AE00454F26;
					};
				};
			};
			buildConfigurationList = C6ED5071287531AE00454F26 /* Build configuration list for PBXProject "AI_MUNJANG" */;
			compatibilityVersion = "Xcode 13.0";
			developmentRegion = en;
			hasScannedForEncodings = 0;
			knownRegions = (
				en,
				Base,
			);
			mainGroup = C6ED506D287531AE00454F26;
			packageReferences = (
				84D8A67628F7E7FC00ACFA18 /* XCRemoteSwiftPackageReference "Charts" */,
				84D8A67A28F7E8D100ACFA18 /* XCRemoteSwiftPackageReference "DropDown" */,
				84D8A67D28F7E8EE00ACFA18 /* XCRemoteSwiftPackageReference "Zip" */,
			);
			productRefGroup = C6ED5077287531AE00454F26 /* Products */;
			projectDirPath = "";
			projectRoot = "";
			targets = (
				C6ED5075287531AE00454F26 /* AI_MUNJANG */,
				C6ED508B287531B000454F26 /* AI_MUNJANGTests */,
				C6ED5095287531B000454F26 /* AI_MUNJANGUITests */,
			);
		};
/* End PBXProject section */

/* Begin PBXResourcesBuildPhase section */
		C6ED5074287531AE00454F26 /* Resources */ = {
			isa = PBXResourcesBuildPhase;
			buildActionMask = 2147483647;
			files = (
				8432B3B728DD6B95005E6583 /* videoContents.json in Resources */,
				842B038F288643080000BEDA /* NanumSquareEB.ttf in Resources */,
				8474DD12287D33C3008275FC /* CustomTextView.xib in Resources */,
				842B0390288643080000BEDA /* NanumSquareL.ttf in Resources */,
				8474DD0C287D16E4008275FC /* CustomEmailView.xib in Resources */,
				842B0367288504FE0000BEDA /* CustomCheckBoxLabel.xib in Resources */,
				C6ED5086287531AF00454F26 /* LaunchScreen.storyboard in Resources */,
				C6ED5083287531AF00454F26 /* Assets.xcassets in Resources */,
				843F27C128A5E97300E36E33 /* failed.mp3 in Resources */,
				844226E02890F66700DCB93B /* GoogleService-Info.plist in Resources */,
				C6ED5081287531AE00454F26 /* Main.storyboard in Resources */,
				843F27BF28A5E74200E36E33 /* success.mp3 in Resources */,
				842B0398288647850000BEDA /* CustomTextField.xib in Resources */,
				8474DD1E287E573C008275FC /* CustomPasswordView.xib in Resources */,
				8455F06C28B9FBF800613946 /* MunjangEightCollectionViewCell.xib in Resources */,
				842B0391288643080000BEDA /* NanumSquareB.ttf in Resources */,
				842B0392288643080000BEDA /* NanumSquareR.ttf in Resources */,
				84648ECF28E43A380036DC89 /* Main_ipad.storyboard in Resources */,
				842B03AE2888E4BF0000BEDA /* CustomNaviBarView.xib in Resources */,
				8474DD00287D02DC008275FC /* CustomButtonView.xib in Resources */,
			);
			runOnlyForDeploymentPostprocessing = 0;
		};
		C6ED508A287531B000454F26 /* Resources */ = {
			isa = PBXResourcesBuildPhase;
			buildActionMask = 2147483647;
			files = (
			);
			runOnlyForDeploymentPostprocessing = 0;
		};
		C6ED5094287531B000454F26 /* Resources */ = {
			isa = PBXResourcesBuildPhase;
			buildActionMask = 2147483647;
			files = (
			);
			runOnlyForDeploymentPostprocessing = 0;
		};
/* End PBXResourcesBuildPhase section */

/* Begin PBXShellScriptBuildPhase section */
		849634C828EFC3FC00B1533B /* ShellScript */ = {
			isa = PBXShellScriptBuildPhase;
			buildActionMask = 2147483647;
			files = (
			);
			inputFileListPaths = (
			);
			inputPaths = (
				"${DWARF_DSYM_FOLDER_PATH}/${DWARF_DSYM_FILE_NAME}/Contents/Resources/DWARF/${TARGET_NAME}",
				"$(SRCROOT)/$(BUILT_PRODUCTS_DIR)/$(INFOPLIST_PATH)",
			);
			outputFileListPaths = (
			);
			outputPaths = (
			);
			runOnlyForDeploymentPostprocessing = 0;
			shellPath = /bin/sh;
			shellScript = "\"${PODS_ROOT}/FirebaseCrashlytics/run\"\n";
		};
		A4B9A0A5FBC4AC5E7F5E0679 /* [CP] Check Pods Manifest.lock */ = {
			isa = PBXShellScriptBuildPhase;
			buildActionMask = 2147483647;
			files = (
			);
			inputFileListPaths = (
			);
			inputPaths = (
				"${PODS_PODFILE_DIR_PATH}/Podfile.lock",
				"${PODS_ROOT}/Manifest.lock",
			);
			name = "[CP] Check Pods Manifest.lock";
			outputFileListPaths = (
			);
			outputPaths = (
				"$(DERIVED_FILE_DIR)/Pods-AI_MUNJANG-AI_MUNJANGUITests-checkManifestLockResult.txt",
			);
			runOnlyForDeploymentPostprocessing = 0;
			shellPath = /bin/sh;
			shellScript = "diff \"${PODS_PODFILE_DIR_PATH}/Podfile.lock\" \"${PODS_ROOT}/Manifest.lock\" > /dev/null\nif [ $? != 0 ] ; then\n    # print error to STDERR\n    echo \"error: The sandbox is not in sync with the Podfile.lock. Run 'pod install' or update your CocoaPods installation.\" >&2\n    exit 1\nfi\n# This output is used by Xcode 'outputs' to avoid re-running this script phase.\necho \"SUCCESS\" > \"${SCRIPT_OUTPUT_FILE_0}\"\n";
			showEnvVarsInLog = 0;
		};
		B4E93673FA0D78DA8774B377 /* [CP] Embed Pods Frameworks */ = {
			isa = PBXShellScriptBuildPhase;
			buildActionMask = 2147483647;
			files = (
			);
			inputFileListPaths = (
				"${PODS_ROOT}/Target Support Files/Pods-AI_MUNJANG/Pods-AI_MUNJANG-frameworks-${CONFIGURATION}-input-files.xcfilelist",
			);
			name = "[CP] Embed Pods Frameworks";
			outputFileListPaths = (
				"${PODS_ROOT}/Target Support Files/Pods-AI_MUNJANG/Pods-AI_MUNJANG-frameworks-${CONFIGURATION}-output-files.xcfilelist",
			);
			runOnlyForDeploymentPostprocessing = 0;
			shellPath = /bin/sh;
			shellScript = "\"${PODS_ROOT}/Target Support Files/Pods-AI_MUNJANG/Pods-AI_MUNJANG-frameworks.sh\"\n";
			showEnvVarsInLog = 0;
		};
		C61453041135CAB85F9BDE40 /* [CP] Check Pods Manifest.lock */ = {
			isa = PBXShellScriptBuildPhase;
			buildActionMask = 2147483647;
			files = (
			);
			inputFileListPaths = (
			);
			inputPaths = (
				"${PODS_PODFILE_DIR_PATH}/Podfile.lock",
				"${PODS_ROOT}/Manifest.lock",
			);
			name = "[CP] Check Pods Manifest.lock";
			outputFileListPaths = (
			);
			outputPaths = (
				"$(DERIVED_FILE_DIR)/Pods-AI_MUNJANG-checkManifestLockResult.txt",
			);
			runOnlyForDeploymentPostprocessing = 0;
			shellPath = /bin/sh;
			shellScript = "diff \"${PODS_PODFILE_DIR_PATH}/Podfile.lock\" \"${PODS_ROOT}/Manifest.lock\" > /dev/null\nif [ $? != 0 ] ; then\n    # print error to STDERR\n    echo \"error: The sandbox is not in sync with the Podfile.lock. Run 'pod install' or update your CocoaPods installation.\" >&2\n    exit 1\nfi\n# This output is used by Xcode 'outputs' to avoid re-running this script phase.\necho \"SUCCESS\" > \"${SCRIPT_OUTPUT_FILE_0}\"\n";
			showEnvVarsInLog = 0;
		};
		CB157254BCFA205C3F14A2DC /* [CP] Embed Pods Frameworks */ = {
			isa = PBXShellScriptBuildPhase;
			buildActionMask = 2147483647;
			files = (
			);
			inputFileListPaths = (
				"${PODS_ROOT}/Target Support Files/Pods-AI_MUNJANG-AI_MUNJANGUITests/Pods-AI_MUNJANG-AI_MUNJANGUITests-frameworks-${CONFIGURATION}-input-files.xcfilelist",
			);
			name = "[CP] Embed Pods Frameworks";
			outputFileListPaths = (
				"${PODS_ROOT}/Target Support Files/Pods-AI_MUNJANG-AI_MUNJANGUITests/Pods-AI_MUNJANG-AI_MUNJANGUITests-frameworks-${CONFIGURATION}-output-files.xcfilelist",
			);
			runOnlyForDeploymentPostprocessing = 0;
			shellPath = /bin/sh;
			shellScript = "\"${PODS_ROOT}/Target Support Files/Pods-AI_MUNJANG-AI_MUNJANGUITests/Pods-AI_MUNJANG-AI_MUNJANGUITests-frameworks.sh\"\n";
			showEnvVarsInLog = 0;
		};
		D0DFFC547C1A994FF75E3A28 /* [CP] Check Pods Manifest.lock */ = {
			isa = PBXShellScriptBuildPhase;
			buildActionMask = 2147483647;
			files = (
			);
			inputFileListPaths = (
			);
			inputPaths = (
				"${PODS_PODFILE_DIR_PATH}/Podfile.lock",
				"${PODS_ROOT}/Manifest.lock",
			);
			name = "[CP] Check Pods Manifest.lock";
			outputFileListPaths = (
			);
			outputPaths = (
				"$(DERIVED_FILE_DIR)/Pods-AI_MUNJANGTests-checkManifestLockResult.txt",
			);
			runOnlyForDeploymentPostprocessing = 0;
			shellPath = /bin/sh;
			shellScript = "diff \"${PODS_PODFILE_DIR_PATH}/Podfile.lock\" \"${PODS_ROOT}/Manifest.lock\" > /dev/null\nif [ $? != 0 ] ; then\n    # print error to STDERR\n    echo \"error: The sandbox is not in sync with the Podfile.lock. Run 'pod install' or update your CocoaPods installation.\" >&2\n    exit 1\nfi\n# This output is used by Xcode 'outputs' to avoid re-running this script phase.\necho \"SUCCESS\" > \"${SCRIPT_OUTPUT_FILE_0}\"\n";
			showEnvVarsInLog = 0;
		};
/* End PBXShellScriptBuildPhase section */

/* Begin PBXSourcesBuildPhase section */
		C6ED5072287531AE00454F26 /* Sources */ = {
			isa = PBXSourcesBuildPhase;
			buildActionMask = 2147483647;
			files = (
				84458A7628BF47F500A70F20 /* MunjangEightDetailCollectionViewCell.swift in Sources */,
				8455F05C28B75F4700613946 /* AnalyzeViewController.swift in Sources */,
				84E7B04C28AE2DF20009E8E1 /* Core.swift in Sources */,
				C6ED50AF287534D900454F26 /* TestViewController.swift in Sources */,
				842B0383288556680000BEDA /* TermsDetailViewController.swift in Sources */,
				842B03AC2888E4AC0000BEDA /* CustomNaviBarView.swift in Sources */,
				844A4D5028B4AF73002C7F6B /* UserInfo.swift in Sources */,
				C6ED507E287531AE00454F26 /* MainViewController.swift in Sources */,
				840071D7287BE67C00B07551 /* AdaptiveLayoutConstraint.swift in Sources */,
				84B2FCBF28C597FF002B4365 /* MunhaeTestQuizViewController.swift in Sources */,
				8455F05E28B8585A00613946 /* AnalyzeResultViewController.swift in Sources */,
				84EAC50328DAEB0B00DC6FEA /* MainCollectionViewCell.swift in Sources */,
				8474DD20287E5DA0008275FC /* TextFieldExtension.swift in Sources */,
				845D5A4128C1E70600CB67DE /* MunhaeTestContentData.swift in Sources */,
				842B03A528869AFC0000BEDA /* ResignReasonViewController.swift in Sources */,
				842B0365288504EB0000BEDA /* CustomCheckBoxLabel.swift in Sources */,
				8474DD27287EB63C008275FC /* LoginViewController.swift in Sources */,
				846B089528977C2E00A6D4BD /* HomePageViewController.swift in Sources */,
				842B03632885025D0000BEDA /* CustomAlertViewController.swift in Sources */,
				84739D8128C8614B0052B20C /* MunjangEightViewController.swift in Sources */,
				843F27C328A5EA4F00E36E33 /* TTS.swift in Sources */,
				84E7B04A28AE23C60009E8E1 /* DownloadViewController.swift in Sources */,
				842B03A72887E7480000BEDA /* ChangePasswordViewController.swift in Sources */,
				842B03A328869ACF0000BEDA /* ResignViewController.swift in Sources */,
				842B0396288647760000BEDA /* CustomTextField.swift in Sources */,
				846B08932893C7B300A6D4BD /* IAPHelpler.swift in Sources */,
				8474DD0E287D1A52008275FC /* CustomEmailView.swift in Sources */,
				8474DCFF287D02DC008275FC /* CustomButtonView.swift in Sources */,
				840071D3287BE30500B07551 /* RoundedView.swift in Sources */,
				84D8A68228F7ECDB00ACFA18 /* HomeViewController.swift in Sources */,
				8433AA6628F514B70044061A /* DummyMainViewController.swift in Sources */,
				C6ED50AB287532C500454F26 /* AiRequest.swift in Sources */,
				8455F0C528BCA40A00613946 /* AnalyzeCollectionViewCell.swift in Sources */,
				845D5A3C28C1C86100CB67DE /* MunhaeTestViewController.swift in Sources */,
				843F27BC28A4CA9900E36E33 /* BannerCell.swift in Sources */,
				842B037E2885417A0000BEDA /* Constnats.swift in Sources */,
				84EBC3CA289CA6B00089F9AC /* MunjangQuizViewController.swift in Sources */,
				84261F4128ED604000E5E100 /* CorrectionViewController.swift in Sources */,
				845D5A3F28C1E63900CB67DE /* MunhaeTestModel.swift in Sources */,
				840071D6287BE41300B07551 /* AdaptiveViewController.swift in Sources */,
				846E2BE228A34FDD00C5292D /* QuizContentData.swift in Sources */,
				84261F3F28E68D8200E5E100 /* InferenceViewController.swift in Sources */,
				84010D3628D8169600493976 /* SenListViewController.swift in Sources */,
				840071D8287BE67F00B07551 /* CGFloatExtension.swift in Sources */,
				840071D9287BE68100B07551 /* TextFieldsFont.swift in Sources */,
				84261F4328ED654900E5E100 /* CorrectionCollectionViewCell.swift in Sources */,
				8474DD22287E6C78008275FC /* Utils.swift in Sources */,
				8474DD08287D0573008275FC /* CommonUIViewController.swift in Sources */,
				84EBC3C4289B886E0089F9AC /* MunjangEightCollectionViewCell.swift in Sources */,
				84739D8328C871D80052B20C /* SampleCollectionViewCell.swift in Sources */,
				8455F0C728BCB10000613946 /* WordCollectionViewCell.swift in Sources */,
				842B0361288502550000BEDA /* AlertService.swift in Sources */,
				84458A7528BF47F500A70F20 /* MunJangEightDetailViewController.swift in Sources */,
				8474DD10287D33B8008275FC /* CustomTextView.swift in Sources */,
				8474DD1C287E56D3008275FC /* CustomPasswordView.swift in Sources */,
				8411A5B328C836EA0061A6F5 /* MunhaeVideoViewController.swift in Sources */,
				C6ED507A287531AE00454F26 /* AppDelegate.swift in Sources */,
				840071DA287BE68300B07551 /* StackViewExtension.swift in Sources */,
				842B03AA2888E35F0000BEDA /* SubscriptionViewController.swift in Sources */,
				842B03A02886931E0000BEDA /* ResetPasswordDetailViewController.swift in Sources */,
				84488C79288F865B008400AC /* MyPageViewController.swift in Sources */,
				842B0381288543FB0000BEDA /* TermsViewController.swift in Sources */,
				842B0394288645010000BEDA /* SignUpViewController.swift in Sources */,
				8474DCFB287BFE0F008275FC /* OnBoardingViewController.swift in Sources */,
				84EBC3CD28A0B6BB0089F9AC /* QuizModel.swift in Sources */,
				842B039E288688D40000BEDA /* ResetPasswordViewController.swift in Sources */,
			);
			runOnlyForDeploymentPostprocessing = 0;
		};
		C6ED5088287531B000454F26 /* Sources */ = {
			isa = PBXSourcesBuildPhase;
			buildActionMask = 2147483647;
			files = (
			);
			runOnlyForDeploymentPostprocessing = 0;
		};
		C6ED5092287531B000454F26 /* Sources */ = {
			isa = PBXSourcesBuildPhase;
			buildActionMask = 2147483647;
			files = (
			);
			runOnlyForDeploymentPostprocessing = 0;
		};
/* End PBXSourcesBuildPhase section */

/* Begin PBXTargetDependency section */
		C6ED508E287531B000454F26 /* PBXTargetDependency */ = {
			isa = PBXTargetDependency;
			target = C6ED5075287531AE00454F26 /* AI_MUNJANG */;
			targetProxy = C6ED508D287531B000454F26 /* PBXContainerItemProxy */;
		};
		C6ED5098287531B000454F26 /* PBXTargetDependency */ = {
			isa = PBXTargetDependency;
			target = C6ED5075287531AE00454F26 /* AI_MUNJANG */;
			targetProxy = C6ED5097287531B000454F26 /* PBXContainerItemProxy */;
		};
/* End PBXTargetDependency section */

/* Begin PBXVariantGroup section */
		84648ECD28E43A380036DC89 /* Main_ipad.storyboard */ = {
			isa = PBXVariantGroup;
			children = (
				84648ECE28E43A380036DC89 /* Base */,
			);
			name = Main_ipad.storyboard;
			sourceTree = "<group>";
		};
		C6ED507F287531AE00454F26 /* Main.storyboard */ = {
			isa = PBXVariantGroup;
			children = (
				C6ED5080287531AE00454F26 /* Base */,
			);
			name = Main.storyboard;
			sourceTree = "<group>";
		};
		C6ED5084287531AF00454F26 /* LaunchScreen.storyboard */ = {
			isa = PBXVariantGroup;
			children = (
				C6ED5085287531AF00454F26 /* Base */,
			);
			name = LaunchScreen.storyboard;
			sourceTree = "<group>";
		};
/* End PBXVariantGroup section */

/* Begin XCBuildConfiguration section */
		C6ED509E287531B000454F26 /* Debug */ = {
			isa = XCBuildConfiguration;
			buildSettings = {
				ALWAYS_SEARCH_USER_PATHS = NO;
				CLANG_ANALYZER_NONNULL = YES;
				CLANG_ANALYZER_NUMBER_OBJECT_CONVERSION = YES_AGGRESSIVE;
				CLANG_CXX_LANGUAGE_STANDARD = "gnu++17";
				CLANG_CXX_LIBRARY = "libc++";
				CLANG_ENABLE_MODULES = YES;
				CLANG_ENABLE_OBJC_ARC = YES;
				CLANG_ENABLE_OBJC_WEAK = YES;
				CLANG_WARN_BLOCK_CAPTURE_AUTORELEASING = YES;
				CLANG_WARN_BOOL_CONVERSION = YES;
				CLANG_WARN_COMMA = YES;
				CLANG_WARN_CONSTANT_CONVERSION = YES;
				CLANG_WARN_DEPRECATED_OBJC_IMPLEMENTATIONS = YES;
				CLANG_WARN_DIRECT_OBJC_ISA_USAGE = YES_ERROR;
				CLANG_WARN_DOCUMENTATION_COMMENTS = YES;
				CLANG_WARN_EMPTY_BODY = YES;
				CLANG_WARN_ENUM_CONVERSION = YES;
				CLANG_WARN_INFINITE_RECURSION = YES;
				CLANG_WARN_INT_CONVERSION = YES;
				CLANG_WARN_NON_LITERAL_NULL_CONVERSION = YES;
				CLANG_WARN_OBJC_IMPLICIT_RETAIN_SELF = YES;
				CLANG_WARN_OBJC_LITERAL_CONVERSION = YES;
				CLANG_WARN_OBJC_ROOT_CLASS = YES_ERROR;
				CLANG_WARN_QUOTED_INCLUDE_IN_FRAMEWORK_HEADER = YES;
				CLANG_WARN_RANGE_LOOP_ANALYSIS = YES;
				CLANG_WARN_STRICT_PROTOTYPES = YES;
				CLANG_WARN_SUSPICIOUS_MOVE = YES;
				CLANG_WARN_UNGUARDED_AVAILABILITY = YES_AGGRESSIVE;
				CLANG_WARN_UNREACHABLE_CODE = YES;
				CLANG_WARN__DUPLICATE_METHOD_MATCH = YES;
				COPY_PHASE_STRIP = NO;
				DEBUG_INFORMATION_FORMAT = dwarf;
				ENABLE_STRICT_OBJC_MSGSEND = YES;
				ENABLE_TESTABILITY = YES;
				GCC_C_LANGUAGE_STANDARD = gnu11;
				GCC_DYNAMIC_NO_PIC = NO;
				GCC_NO_COMMON_BLOCKS = YES;
				GCC_OPTIMIZATION_LEVEL = 0;
				GCC_PREPROCESSOR_DEFINITIONS = (
					"DEBUG=1",
					"$(inherited)",
				);
				GCC_WARN_64_TO_32_BIT_CONVERSION = YES;
				GCC_WARN_ABOUT_RETURN_TYPE = YES_ERROR;
				GCC_WARN_UNDECLARED_SELECTOR = YES;
				GCC_WARN_UNINITIALIZED_AUTOS = YES_AGGRESSIVE;
				GCC_WARN_UNUSED_FUNCTION = YES;
				GCC_WARN_UNUSED_VARIABLE = YES;
				IPHONEOS_DEPLOYMENT_TARGET = 13.1;
				MTL_ENABLE_DEBUG_INFO = INCLUDE_SOURCE;
				MTL_FAST_MATH = YES;
				ONLY_ACTIVE_ARCH = YES;
				SDKROOT = iphoneos;
				SWIFT_ACTIVE_COMPILATION_CONDITIONS = DEBUG;
				SWIFT_OPTIMIZATION_LEVEL = "-Onone";
			};
			name = Debug;
		};
		C6ED509F287531B000454F26 /* Release */ = {
			isa = XCBuildConfiguration;
			buildSettings = {
				ALWAYS_SEARCH_USER_PATHS = NO;
				CLANG_ANALYZER_NONNULL = YES;
				CLANG_ANALYZER_NUMBER_OBJECT_CONVERSION = YES_AGGRESSIVE;
				CLANG_CXX_LANGUAGE_STANDARD = "gnu++17";
				CLANG_CXX_LIBRARY = "libc++";
				CLANG_ENABLE_MODULES = YES;
				CLANG_ENABLE_OBJC_ARC = YES;
				CLANG_ENABLE_OBJC_WEAK = YES;
				CLANG_WARN_BLOCK_CAPTURE_AUTORELEASING = YES;
				CLANG_WARN_BOOL_CONVERSION = YES;
				CLANG_WARN_COMMA = YES;
				CLANG_WARN_CONSTANT_CONVERSION = YES;
				CLANG_WARN_DEPRECATED_OBJC_IMPLEMENTATIONS = YES;
				CLANG_WARN_DIRECT_OBJC_ISA_USAGE = YES_ERROR;
				CLANG_WARN_DOCUMENTATION_COMMENTS = YES;
				CLANG_WARN_EMPTY_BODY = YES;
				CLANG_WARN_ENUM_CONVERSION = YES;
				CLANG_WARN_INFINITE_RECURSION = YES;
				CLANG_WARN_INT_CONVERSION = YES;
				CLANG_WARN_NON_LITERAL_NULL_CONVERSION = YES;
				CLANG_WARN_OBJC_IMPLICIT_RETAIN_SELF = YES;
				CLANG_WARN_OBJC_LITERAL_CONVERSION = YES;
				CLANG_WARN_OBJC_ROOT_CLASS = YES_ERROR;
				CLANG_WARN_QUOTED_INCLUDE_IN_FRAMEWORK_HEADER = YES;
				CLANG_WARN_RANGE_LOOP_ANALYSIS = YES;
				CLANG_WARN_STRICT_PROTOTYPES = YES;
				CLANG_WARN_SUSPICIOUS_MOVE = YES;
				CLANG_WARN_UNGUARDED_AVAILABILITY = YES_AGGRESSIVE;
				CLANG_WARN_UNREACHABLE_CODE = YES;
				CLANG_WARN__DUPLICATE_METHOD_MATCH = YES;
				COPY_PHASE_STRIP = NO;
				DEBUG_INFORMATION_FORMAT = "dwarf-with-dsym";
				ENABLE_NS_ASSERTIONS = NO;
				ENABLE_STRICT_OBJC_MSGSEND = YES;
				GCC_C_LANGUAGE_STANDARD = gnu11;
				GCC_NO_COMMON_BLOCKS = YES;
				GCC_WARN_64_TO_32_BIT_CONVERSION = YES;
				GCC_WARN_ABOUT_RETURN_TYPE = YES_ERROR;
				GCC_WARN_UNDECLARED_SELECTOR = YES;
				GCC_WARN_UNINITIALIZED_AUTOS = YES_AGGRESSIVE;
				GCC_WARN_UNUSED_FUNCTION = YES;
				GCC_WARN_UNUSED_VARIABLE = YES;
				IPHONEOS_DEPLOYMENT_TARGET = 13.1;
				MTL_ENABLE_DEBUG_INFO = NO;
				MTL_FAST_MATH = YES;
				SDKROOT = iphoneos;
				SWIFT_COMPILATION_MODE = wholemodule;
				SWIFT_OPTIMIZATION_LEVEL = "-O";
				VALIDATE_PRODUCT = YES;
			};
			name = Release;
		};
		C6ED50A1287531B000454F26 /* Debug */ = {
			isa = XCBuildConfiguration;
			baseConfigurationReference = D18360754053067223B5126A /* Pods-AI_MUNJANG.debug.xcconfig */;
			buildSettings = {
				ALWAYS_EMBED_SWIFT_STANDARD_LIBRARIES = "$(inherited)";
				ASSETCATALOG_COMPILER_APPICON_NAME = AppIcon;
				ASSETCATALOG_COMPILER_GLOBAL_ACCENT_COLOR_NAME = AccentColor;
				CODE_SIGN_ENTITLEMENTS = AI_MUNJANG/AI_MUNJANG.entitlements;
				CODE_SIGN_STYLE = Automatic;
				CURRENT_PROJECT_VERSION = 1;
				DEBUG_INFORMATION_FORMAT = "dwarf-with-dsym";
				DEVELOPMENT_TEAM = U5UDA93KMM;
				GENERATE_INFOPLIST_FILE = YES;
				INFOPLIST_FILE = AI_MUNJANG/Info.plist;
				INFOPLIST_KEY_CFBundleDisplayName = "모두의 문해력";
				INFOPLIST_KEY_UIApplicationSupportsIndirectInputEvents = YES;
				INFOPLIST_KEY_UILaunchStoryboardName = LaunchScreen;
				INFOPLIST_KEY_UIMainStoryboardFile = Main;
				INFOPLIST_KEY_UIRequiresFullScreen = YES;
				INFOPLIST_KEY_UISupportedInterfaceOrientations = UIInterfaceOrientationPortrait;
				INFOPLIST_KEY_UISupportedInterfaceOrientations_iPad = "UIInterfaceOrientationPortrait UIInterfaceOrientationPortraitUpsideDown UIInterfaceOrientationLandscapeLeft UIInterfaceOrientationLandscapeRight";
				INFOPLIST_KEY_UISupportedInterfaceOrientations_iPhone = "UIInterfaceOrientationPortrait UIInterfaceOrientationPortrait";
				INFOPLIST_KEY_UIUserInterfaceStyle = Automatic;
				LD_RUNPATH_SEARCH_PATHS = (
					"$(inherited)",
					"@executable_path/Frameworks",
				);
				MARKETING_VERSION = 1.0;
				ONLY_ACTIVE_ARCH = YES;
				PRODUCT_BUNDLE_IDENTIFIER = "com.seogamdo.AI-MUNJANG";
				PRODUCT_NAME = "$(TARGET_NAME)";
				SWIFT_EMIT_LOC_STRINGS = YES;
				SWIFT_VERSION = 5.0;
				TARGETED_DEVICE_FAMILY = "1,2";
			};
			name = Debug;
		};
		C6ED50A2287531B000454F26 /* Release */ = {
			isa = XCBuildConfiguration;
			baseConfigurationReference = 7F8A5C8B851B1083EB563982 /* Pods-AI_MUNJANG.release.xcconfig */;
			buildSettings = {
				ALWAYS_EMBED_SWIFT_STANDARD_LIBRARIES = "$(inherited)";
				ASSETCATALOG_COMPILER_APPICON_NAME = AppIcon;
				ASSETCATALOG_COMPILER_GLOBAL_ACCENT_COLOR_NAME = AccentColor;
				CODE_SIGN_ENTITLEMENTS = AI_MUNJANG/AI_MUNJANG.entitlements;
				CODE_SIGN_STYLE = Automatic;
				CURRENT_PROJECT_VERSION = 1;
				DEVELOPMENT_TEAM = U5UDA93KMM;
				GENERATE_INFOPLIST_FILE = YES;
				INFOPLIST_FILE = AI_MUNJANG/Info.plist;
				INFOPLIST_KEY_CFBundleDisplayName = "모두의 문해력";
				INFOPLIST_KEY_UIApplicationSupportsIndirectInputEvents = YES;
				INFOPLIST_KEY_UILaunchStoryboardName = LaunchScreen;
				INFOPLIST_KEY_UIMainStoryboardFile = Main;
				INFOPLIST_KEY_UIRequiresFullScreen = YES;
				INFOPLIST_KEY_UISupportedInterfaceOrientations = UIInterfaceOrientationPortrait;
				INFOPLIST_KEY_UISupportedInterfaceOrientations_iPad = "UIInterfaceOrientationPortrait UIInterfaceOrientationPortraitUpsideDown UIInterfaceOrientationLandscapeLeft UIInterfaceOrientationLandscapeRight";
				INFOPLIST_KEY_UISupportedInterfaceOrientations_iPhone = "UIInterfaceOrientationPortrait UIInterfaceOrientationPortrait";
				INFOPLIST_KEY_UIUserInterfaceStyle = Automatic;
				LD_RUNPATH_SEARCH_PATHS = (
					"$(inherited)",
					"@executable_path/Frameworks",
				);
				MARKETING_VERSION = 1.0;
				ONLY_ACTIVE_ARCH = YES;
				PRODUCT_BUNDLE_IDENTIFIER = "com.seogamdo.AI-MUNJANG";
				PRODUCT_NAME = "$(TARGET_NAME)";
				SWIFT_EMIT_LOC_STRINGS = YES;
				SWIFT_VERSION = 5.0;
				TARGETED_DEVICE_FAMILY = "1,2";
			};
			name = Release;
		};
		C6ED50A4287531B000454F26 /* Debug */ = {
			isa = XCBuildConfiguration;
			baseConfigurationReference = 4C254AE0B3A42AE6562B4D52 /* Pods-AI_MUNJANGTests.debug.xcconfig */;
			buildSettings = {
				ALWAYS_EMBED_SWIFT_STANDARD_LIBRARIES = YES;
				BUNDLE_LOADER = "$(TEST_HOST)";
				CODE_SIGN_STYLE = Automatic;
				CURRENT_PROJECT_VERSION = 1;
				DEVELOPMENT_TEAM = U5UDA93KMM;
				GENERATE_INFOPLIST_FILE = YES;
				IPHONEOS_DEPLOYMENT_TARGET = 15.2;
				MARKETING_VERSION = 1.0;
				PRODUCT_BUNDLE_IDENTIFIER = "com.seogamdo.AI-MUNJANGTests";
				PRODUCT_NAME = "$(TARGET_NAME)";
				SWIFT_EMIT_LOC_STRINGS = NO;
				SWIFT_VERSION = 5.0;
				TARGETED_DEVICE_FAMILY = "1,2";
				TEST_HOST = "$(BUILT_PRODUCTS_DIR)/AI_MUNJANG.app/AI_MUNJANG";
			};
			name = Debug;
		};
		C6ED50A5287531B000454F26 /* Release */ = {
			isa = XCBuildConfiguration;
			baseConfigurationReference = 0E47345844093F77134BFCFC /* Pods-AI_MUNJANGTests.release.xcconfig */;
			buildSettings = {
				ALWAYS_EMBED_SWIFT_STANDARD_LIBRARIES = YES;
				BUNDLE_LOADER = "$(TEST_HOST)";
				CODE_SIGN_STYLE = Automatic;
				CURRENT_PROJECT_VERSION = 1;
				DEVELOPMENT_TEAM = U5UDA93KMM;
				GENERATE_INFOPLIST_FILE = YES;
				IPHONEOS_DEPLOYMENT_TARGET = 15.2;
				MARKETING_VERSION = 1.0;
				PRODUCT_BUNDLE_IDENTIFIER = "com.seogamdo.AI-MUNJANGTests";
				PRODUCT_NAME = "$(TARGET_NAME)";
				SWIFT_EMIT_LOC_STRINGS = NO;
				SWIFT_VERSION = 5.0;
				TARGETED_DEVICE_FAMILY = "1,2";
				TEST_HOST = "$(BUILT_PRODUCTS_DIR)/AI_MUNJANG.app/AI_MUNJANG";
			};
			name = Release;
		};
		C6ED50A7287531B000454F26 /* Debug */ = {
			isa = XCBuildConfiguration;
			baseConfigurationReference = 0D4D7F5FAAEF391050E9E563 /* Pods-AI_MUNJANG-AI_MUNJANGUITests.debug.xcconfig */;
			buildSettings = {
				ALWAYS_EMBED_SWIFT_STANDARD_LIBRARIES = YES;
				CODE_SIGN_STYLE = Automatic;
				CURRENT_PROJECT_VERSION = 1;
				DEVELOPMENT_TEAM = U5UDA93KMM;
				GENERATE_INFOPLIST_FILE = YES;
				MARKETING_VERSION = 1.0;
				PRODUCT_BUNDLE_IDENTIFIER = "com.seogamdo.AI-MUNJANGUITests";
				PRODUCT_NAME = "$(TARGET_NAME)";
				SWIFT_EMIT_LOC_STRINGS = NO;
				SWIFT_VERSION = 5.0;
				TARGETED_DEVICE_FAMILY = "1,2";
				TEST_TARGET_NAME = AI_MUNJANG;
			};
			name = Debug;
		};
		C6ED50A8287531B000454F26 /* Release */ = {
			isa = XCBuildConfiguration;
			baseConfigurationReference = 717B9C3D3E8E06FB519E88B3 /* Pods-AI_MUNJANG-AI_MUNJANGUITests.release.xcconfig */;
			buildSettings = {
				ALWAYS_EMBED_SWIFT_STANDARD_LIBRARIES = YES;
				CODE_SIGN_STYLE = Automatic;
				CURRENT_PROJECT_VERSION = 1;
				DEVELOPMENT_TEAM = U5UDA93KMM;
				GENERATE_INFOPLIST_FILE = YES;
				MARKETING_VERSION = 1.0;
				PRODUCT_BUNDLE_IDENTIFIER = "com.seogamdo.AI-MUNJANGUITests";
				PRODUCT_NAME = "$(TARGET_NAME)";
				SWIFT_EMIT_LOC_STRINGS = NO;
				SWIFT_VERSION = 5.0;
				TARGETED_DEVICE_FAMILY = "1,2";
				TEST_TARGET_NAME = AI_MUNJANG;
			};
			name = Release;
		};
/* End XCBuildConfiguration section */

/* Begin XCConfigurationList section */
		C6ED5071287531AE00454F26 /* Build configuration list for PBXProject "AI_MUNJANG" */ = {
			isa = XCConfigurationList;
			buildConfigurations = (
				C6ED509E287531B000454F26 /* Debug */,
				C6ED509F287531B000454F26 /* Release */,
			);
			defaultConfigurationIsVisible = 0;
			defaultConfigurationName = Release;
		};
		C6ED50A0287531B000454F26 /* Build configuration list for PBXNativeTarget "AI_MUNJANG" */ = {
			isa = XCConfigurationList;
			buildConfigurations = (
				C6ED50A1287531B000454F26 /* Debug */,
				C6ED50A2287531B000454F26 /* Release */,
			);
			defaultConfigurationIsVisible = 0;
			defaultConfigurationName = Release;
		};
		C6ED50A3287531B000454F26 /* Build configuration list for PBXNativeTarget "AI_MUNJANGTests" */ = {
			isa = XCConfigurationList;
			buildConfigurations = (
				C6ED50A4287531B000454F26 /* Debug */,
				C6ED50A5287531B000454F26 /* Release */,
			);
			defaultConfigurationIsVisible = 0;
			defaultConfigurationName = Release;
		};
		C6ED50A6287531B000454F26 /* Build configuration list for PBXNativeTarget "AI_MUNJANGUITests" */ = {
			isa = XCConfigurationList;
			buildConfigurations = (
				C6ED50A7287531B000454F26 /* Debug */,
				C6ED50A8287531B000454F26 /* Release */,
			);
			defaultConfigurationIsVisible = 0;
			defaultConfigurationName = Release;
		};
/* End XCConfigurationList section */

/* Begin XCRemoteSwiftPackageReference section */
		84D8A67628F7E7FC00ACFA18 /* XCRemoteSwiftPackageReference "Charts" */ = {
			isa = XCRemoteSwiftPackageReference;
			repositoryURL = "https://github.com/danielgindi/Charts.git";
			requirement = {
				kind = upToNextMajorVersion;
				minimumVersion = 3.0.0;
			};
		};
		84D8A67A28F7E8D100ACFA18 /* XCRemoteSwiftPackageReference "DropDown" */ = {
			isa = XCRemoteSwiftPackageReference;
			repositoryURL = "https://github.com/AssistoLab/DropDown.git";
			requirement = {
				branch = master;
				kind = branch;
			};
		};
		84D8A67D28F7E8EE00ACFA18 /* XCRemoteSwiftPackageReference "Zip" */ = {
			isa = XCRemoteSwiftPackageReference;
			repositoryURL = "https://github.com/marmelroy/Zip.git";
			requirement = {
				branch = master;
				kind = branch;
			};
		};
/* End XCRemoteSwiftPackageReference section */

/* Begin XCSwiftPackageProductDependency section */
		84D8A67728F7E7FC00ACFA18 /* Charts */ = {
			isa = XCSwiftPackageProductDependency;
			package = 84D8A67628F7E7FC00ACFA18 /* XCRemoteSwiftPackageReference "Charts" */;
			productName = Charts;
		};
		84D8A67B28F7E8D100ACFA18 /* DropDown */ = {
			isa = XCSwiftPackageProductDependency;
			package = 84D8A67A28F7E8D100ACFA18 /* XCRemoteSwiftPackageReference "DropDown" */;
			productName = DropDown;
		};
		84D8A67E28F7E8EE00ACFA18 /* Zip */ = {
			isa = XCSwiftPackageProductDependency;
			package = 84D8A67D28F7E8EE00ACFA18 /* XCRemoteSwiftPackageReference "Zip" */;
			productName = Zip;
		};
/* End XCSwiftPackageProductDependency section */
	};
	rootObject = C6ED506E287531AE00454F26 /* Project object */;
}
